// !$*UTF8*$!
{
	archiveVersion = 1;
	classes = {
	};
	objectVersion = 46;
	objects = {

/* Begin PBXBuildFile section */
		CE0EA1871BAFDAED00F48A09 /* AddDose.storyboard in Resources */ = {isa = PBXBuildFile; fileRef = CE0EA17D1BAFDAED00F48A09 /* AddDose.storyboard */; };
		CE0EA1881BAFDAED00F48A09 /* AddMedication.storyboard in Resources */ = {isa = PBXBuildFile; fileRef = CE0EA17F1BAFDAED00F48A09 /* AddMedication.storyboard */; };
		CE0EA1891BAFDAED00F48A09 /* MainEmptyView.xib in Resources */ = {isa = PBXBuildFile; fileRef = CE0EA1811BAFDAED00F48A09 /* MainEmptyView.xib */; };
		CE0EA18A1BAFDAED00F48A09 /* Tutorial.storyboard in Resources */ = {isa = PBXBuildFile; fileRef = CE0EA1831BAFDAED00F48A09 /* Tutorial.storyboard */; };
		CE0EA18B1BAFDAED00F48A09 /* Upgrade.storyboard in Resources */ = {isa = PBXBuildFile; fileRef = CE0EA1851BAFDAED00F48A09 /* Upgrade.storyboard */; };
		CE0EA1951BAFE28200F48A09 /* HistoryTVC.swift in Sources */ = {isa = PBXBuildFile; fileRef = CE0EA1941BAFE28200F48A09 /* HistoryTVC.swift */; };
		CE0EA1971BAFE2B800F48A09 /* MedicineDoseHistoryTVC.swift in Sources */ = {isa = PBXBuildFile; fileRef = CE0EA1961BAFE2B800F48A09 /* MedicineDoseHistoryTVC.swift */; };
		CE0EA1991BAFF49100F48A09 /* MainTBC.swift in Sources */ = {isa = PBXBuildFile; fileRef = CE0EA1981BAFF49100F48A09 /* MainTBC.swift */; };
		CE0EA19D1BAFFDA200F48A09 /* AddDoseTVC+Medicine.swift in Sources */ = {isa = PBXBuildFile; fileRef = CE0EA19C1BAFFDA200F48A09 /* AddDoseTVC+Medicine.swift */; };
		CE1A39F01C58B549004480A4 /* migrateV2toV3.xcmappingmodel in Sources */ = {isa = PBXBuildFile; fileRef = CE1A39EF1C58B549004480A4 /* migrateV2toV3.xcmappingmodel */; };
		CE1A39F31C58B6A6004480A4 /* dateCreatedPolicy.swift in Sources */ = {isa = PBXBuildFile; fileRef = CE1A39F21C58B6A6004480A4 /* dateCreatedPolicy.swift */; };
		CE2325841BB1693C0013B72D /* HistoryEmptyView.xib in Resources */ = {isa = PBXBuildFile; fileRef = CE2325821BB1693C0013B72D /* HistoryEmptyView.xib */; };
		CE247B8F1B96618100E4EB5F /* AddMedicationTVC+Dosage.swift in Sources */ = {isa = PBXBuildFile; fileRef = CE247B8E1B96618100E4EB5F /* AddMedicationTVC+Dosage.swift */; };
		CE247B911B96619B00E4EB5F /* AddMedicationTVC+Interval.swift in Sources */ = {isa = PBXBuildFile; fileRef = CE247B901B96619B00E4EB5F /* AddMedicationTVC+Interval.swift */; };
		CE2497161BAA00DF00627525 /* TutorialPVC.swift in Sources */ = {isa = PBXBuildFile; fileRef = CE2497151BAA00DF00627525 /* TutorialPVC.swift */; };
		CE24971B1BAA4E7400627525 /* TutorialContentVC.swift in Sources */ = {isa = PBXBuildFile; fileRef = CE24971A1BAA4E7400627525 /* TutorialContentVC.swift */; };
		CE2725C31C26B425001CA73A /* MainVC.swift in Sources */ = {isa = PBXBuildFile; fileRef = CE2725C21C26B425001CA73A /* MainVC.swift */; };
		CE2F6B111BBD492400707951 /* MainTVC+UIViewControllerPreviewing.swift in Sources */ = {isa = PBXBuildFile; fileRef = CE2F6B101BBD492400707951 /* MainTVC+UIViewControllerPreviewing.swift */; };
		CE2F6B181BBD5BA800707951 /* NotificationCenter.framework in Frameworks */ = {isa = PBXBuildFile; fileRef = CE2F6B171BBD5BA800707951 /* NotificationCenter.framework */; };
		CE2F6B1B1BBD5BA800707951 /* TodayViewController.swift in Sources */ = {isa = PBXBuildFile; fileRef = CE2F6B1A1BBD5BA800707951 /* TodayViewController.swift */; };
		CE2F6B1E1BBD5BA800707951 /* MainInterface.storyboard in Resources */ = {isa = PBXBuildFile; fileRef = CE2F6B1C1BBD5BA800707951 /* MainInterface.storyboard */; };
		CE2F6B221BBD5BA800707951 /* MedicineTodayExtension.appex in Embed App Extensions */ = {isa = PBXBuildFile; fileRef = CE2F6B161BBD5BA800707951 /* MedicineTodayExtension.appex */; settings = {ATTRIBUTES = (RemoveHeadersOnCopy, ); }; };
		CE30D1571B9856D1007805DB /* Refill+CoreDataProperties.swift in Sources */ = {isa = PBXBuildFile; fileRef = CE30D1541B9856D1007805DB /* Refill+CoreDataProperties.swift */; };
		CE30D1581B9856D1007805DB /* Refill.swift in Sources */ = {isa = PBXBuildFile; fileRef = CE30D1551B9856D1007805DB /* Refill.swift */; };
		CE38AF231B950517000D00AD /* AddDoseTVC.swift in Sources */ = {isa = PBXBuildFile; fileRef = CE38AF221B950517000D00AD /* AddDoseTVC.swift */; };
		CE3A42541C13A27C0035E390 /* MedicineRefillHistoryTVC.swift in Sources */ = {isa = PBXBuildFile; fileRef = CE3A42531C13A27C0035E390 /* MedicineRefillHistoryTVC.swift */; };
		CE6325CA1BA1661C00BAD562 /* UpgradeVC.swift in Sources */ = {isa = PBXBuildFile; fileRef = CE6325C91BA1661C00BAD562 /* UpgradeVC.swift */; };
		CE6E551D1B9040C900805397 /* Medicine+CoreDataProperties.swift in Sources */ = {isa = PBXBuildFile; fileRef = CE6E55191B9040C900805397 /* Medicine+CoreDataProperties.swift */; };
		CE6E551E1B9040C900805397 /* Medicine.swift in Sources */ = {isa = PBXBuildFile; fileRef = CE6E551A1B9040C900805397 /* Medicine.swift */; };
		CE6E551F1B9040C900805397 /* Dose+CoreDataProperties.swift in Sources */ = {isa = PBXBuildFile; fileRef = CE6E551B1B9040C900805397 /* Dose+CoreDataProperties.swift */; };
		CE6E55201B9040C900805397 /* Dose.swift in Sources */ = {isa = PBXBuildFile; fileRef = CE6E551C1B9040C900805397 /* Dose.swift */; };
		CE7519761BB00CA9000A2879 /* SettingsTVC.swift in Sources */ = {isa = PBXBuildFile; fileRef = CE7519751BB00CA9000A2879 /* SettingsTVC.swift */; };
		CE7519781BB00CB5000A2879 /* SettingsTVC+Sort.swift in Sources */ = {isa = PBXBuildFile; fileRef = CE7519771BB00CB5000A2879 /* SettingsTVC+Sort.swift */; };
		CE75197A1BB00CFE000A2879 /* SettingsTVC+Snooze.swift in Sources */ = {isa = PBXBuildFile; fileRef = CE7519791BB00CFE000A2879 /* SettingsTVC+Snooze.swift */; };
		CE75197E1BB1607F000A2879 /* SettingsTVC+Console.swift in Sources */ = {isa = PBXBuildFile; fileRef = CE75197D1BB1607F000A2879 /* SettingsTVC+Console.swift */; };
		CE94A5B61BE8B13B008E58DF /* SettingsTVC+Refill.swift in Sources */ = {isa = PBXBuildFile; fileRef = CE94A5B51BE8B13B008E58DF /* SettingsTVC+Refill.swift */; };
		CE9A36C71B98FDCB00B90EDB /* MedicineTests.swift in Sources */ = {isa = PBXBuildFile; fileRef = CE9A36C61B98FDCB00B90EDB /* MedicineTests.swift */; };
		CEA250E91B90396C00BBE466 /* AppDelegate.swift in Sources */ = {isa = PBXBuildFile; fileRef = CEA250E81B90396C00BBE466 /* AppDelegate.swift */; };
		CEA250EE1B90396C00BBE466 /* Main.storyboard in Resources */ = {isa = PBXBuildFile; fileRef = CEA250EC1B90396C00BBE466 /* Main.storyboard */; };
		CEA250F31B90396C00BBE466 /* Assets.xcassets in Resources */ = {isa = PBXBuildFile; fileRef = CEA250F21B90396C00BBE466 /* Assets.xcassets */; };
		CEA250F61B90396C00BBE466 /* LaunchScreen.storyboard in Resources */ = {isa = PBXBuildFile; fileRef = CEA250F41B90396C00BBE466 /* LaunchScreen.storyboard */; };
		CEA250FF1B903BC200BBE466 /* AddMedicationTVC.swift in Sources */ = {isa = PBXBuildFile; fileRef = CEA250FE1B903BC200BBE466 /* AddMedicationTVC.swift */; };
		CEA2510C1B903E7D00BBE466 /* Medicine.xcdatamodeld in Sources */ = {isa = PBXBuildFile; fileRef = CEA2510A1B903E7D00BBE466 /* Medicine.xcdatamodeld */; };
		CEA5DFC21C1190F100B9BC99 /* MedicineDetails.storyboard in Resources */ = {isa = PBXBuildFile; fileRef = CEA5DFC01C1190F100B9BC99 /* MedicineDetails.storyboard */; };
		CEB36F3F1BE6D02000BCBD87 /* MedicineCell.swift in Sources */ = {isa = PBXBuildFile; fileRef = CEB36F3E1BE6D02000BCBD87 /* MedicineCell.swift */; };
		CEB36F411BE6EA2100BCBD87 /* MedicineCell+Adherence.swift in Sources */ = {isa = PBXBuildFile; fileRef = CEB36F401BE6EA2100BCBD87 /* MedicineCell+Adherence.swift */; };
		CECD22B41BE94FDB007C5F25 /* AddRefill.storyboard in Resources */ = {isa = PBXBuildFile; fileRef = CECD22B21BE94FDB007C5F25 /* AddRefill.storyboard */; };
		CECD22B61BE95088007C5F25 /* AddRefillTVC.swift in Sources */ = {isa = PBXBuildFile; fileRef = CECD22B51BE95088007C5F25 /* AddRefillTVC.swift */; };
		CEE18F361BEEC91800222D92 /* SettingsTVC+Collection.swift in Sources */ = {isa = PBXBuildFile; fileRef = CEE18F351BEEC91800222D92 /* SettingsTVC+Collection.swift */; };
		CEE18F381BEECE3700222D92 /* SettingsTVC+Manage.swift in Sources */ = {isa = PBXBuildFile; fileRef = CEE18F371BEECE3700222D92 /* SettingsTVC+Manage.swift */; };
		CEE849811C13932600880484 /* MedicineDetailsTVC.swift in Sources */ = {isa = PBXBuildFile; fileRef = CEE849801C13932600880484 /* MedicineDetailsTVC.swift */; };
		CEF5483C1B9CEA7100C344B4 /* StoreKit.framework in Frameworks */ = {isa = PBXBuildFile; fileRef = CEF5483B1B9CEA7100C344B4 /* StoreKit.framework */; };
		CEFE5E211BF1E00C00039302 /* WelcomeVC.swift in Sources */ = {isa = PBXBuildFile; fileRef = CEFE5E201BF1E00C00039302 /* WelcomeVC.swift */; };
/* End PBXBuildFile section */

/* Begin PBXContainerItemProxy section */
		CE2F6B201BBD5BA800707951 /* PBXContainerItemProxy */ = {
			isa = PBXContainerItemProxy;
			containerPortal = CEA250DD1B90396C00BBE466 /* Project object */;
			proxyType = 1;
			remoteGlobalIDString = CE2F6B151BBD5BA800707951;
			remoteInfo = MedicineTodayExtension;
		};
		CE9A36C91B98FDCB00B90EDB /* PBXContainerItemProxy */ = {
			isa = PBXContainerItemProxy;
			containerPortal = CEA250DD1B90396C00BBE466 /* Project object */;
			proxyType = 1;
			remoteGlobalIDString = CEA250E41B90396C00BBE466;
			remoteInfo = Medicine;
		};
/* End PBXContainerItemProxy section */

/* Begin PBXCopyFilesBuildPhase section */
		CE2F6B261BBD5BA800707951 /* Embed App Extensions */ = {
			isa = PBXCopyFilesBuildPhase;
			buildActionMask = 2147483647;
			dstPath = "";
			dstSubfolderSpec = 13;
			files = (
				CE2F6B221BBD5BA800707951 /* MedicineTodayExtension.appex in Embed App Extensions */,
			);
			name = "Embed App Extensions";
			runOnlyForDeploymentPostprocessing = 0;
		};
/* End PBXCopyFilesBuildPhase section */

/* Begin PBXFileReference section */
		CE0EA17E1BAFDAED00F48A09 /* Base */ = {isa = PBXFileReference; lastKnownFileType = file.storyboard; name = Base; path = Medicine/Base.lproj/AddDose.storyboard; sourceTree = "<group>"; };
		CE0EA1801BAFDAED00F48A09 /* Base */ = {isa = PBXFileReference; lastKnownFileType = file.storyboard; name = Base; path = Medicine/Base.lproj/AddMedication.storyboard; sourceTree = "<group>"; };
		CE0EA1821BAFDAED00F48A09 /* Base */ = {isa = PBXFileReference; lastKnownFileType = file.xib; name = Base; path = Medicine/Base.lproj/MainEmptyView.xib; sourceTree = "<group>"; };
		CE0EA1841BAFDAED00F48A09 /* Base */ = {isa = PBXFileReference; lastKnownFileType = file.storyboard; name = Base; path = Medicine/Base.lproj/Tutorial.storyboard; sourceTree = "<group>"; };
		CE0EA1861BAFDAED00F48A09 /* Base */ = {isa = PBXFileReference; lastKnownFileType = file.storyboard; name = Base; path = Medicine/Base.lproj/Upgrade.storyboard; sourceTree = "<group>"; };
		CE0EA1941BAFE28200F48A09 /* HistoryTVC.swift */ = {isa = PBXFileReference; fileEncoding = 4; lastKnownFileType = sourcecode.swift; name = HistoryTVC.swift; path = History/HistoryTVC.swift; sourceTree = "<group>"; };
		CE0EA1961BAFE2B800F48A09 /* MedicineDoseHistoryTVC.swift */ = {isa = PBXFileReference; fileEncoding = 4; lastKnownFileType = sourcecode.swift; name = MedicineDoseHistoryTVC.swift; path = Details/MedicineDoseHistoryTVC.swift; sourceTree = "<group>"; };
		CE0EA1981BAFF49100F48A09 /* MainTBC.swift */ = {isa = PBXFileReference; fileEncoding = 4; lastKnownFileType = sourcecode.swift; name = MainTBC.swift; path = Main/MainTBC.swift; sourceTree = "<group>"; };
		CE0EA19C1BAFFDA200F48A09 /* AddDoseTVC+Medicine.swift */ = {isa = PBXFileReference; fileEncoding = 4; lastKnownFileType = sourcecode.swift; name = "AddDoseTVC+Medicine.swift"; path = "Add/AddDoseTVC+Medicine.swift"; sourceTree = "<group>"; };
		CE1A39EE1C58B420004480A4 /* Medicine - 2.6.xcdatamodel */ = {isa = PBXFileReference; lastKnownFileType = wrapper.xcdatamodel; path = "Medicine - 2.6.xcdatamodel"; sourceTree = "<group>"; };
		CE1A39EF1C58B549004480A4 /* migrateV2toV3.xcmappingmodel */ = {isa = PBXFileReference; lastKnownFileType = wrapper.xcmappingmodel; name = migrateV2toV3.xcmappingmodel; path = Medicine/Models/Migrations/migrateV2toV3.xcmappingmodel; sourceTree = "<group>"; };
		CE1A39F21C58B6A6004480A4 /* dateCreatedPolicy.swift */ = {isa = PBXFileReference; fileEncoding = 4; lastKnownFileType = sourcecode.swift; name = dateCreatedPolicy.swift; path = Medicine/Models/Migrations/dateCreatedPolicy.swift; sourceTree = "<group>"; };
		CE1A39F41C58C487004480A4 /* Medicine - 3.xcdatamodel */ = {isa = PBXFileReference; lastKnownFileType = wrapper.xcdatamodel; path = "Medicine - 3.xcdatamodel"; sourceTree = "<group>"; };
		CE2325831BB1693C0013B72D /* Base */ = {isa = PBXFileReference; lastKnownFileType = file.xib; name = Base; path = Base.lproj/HistoryEmptyView.xib; sourceTree = "<group>"; };
		CE247B8E1B96618100E4EB5F /* AddMedicationTVC+Dosage.swift */ = {isa = PBXFileReference; fileEncoding = 4; lastKnownFileType = sourcecode.swift; name = "AddMedicationTVC+Dosage.swift"; path = "Add/AddMedicationTVC+Dosage.swift"; sourceTree = "<group>"; };
		CE247B901B96619B00E4EB5F /* AddMedicationTVC+Interval.swift */ = {isa = PBXFileReference; fileEncoding = 4; lastKnownFileType = sourcecode.swift; name = "AddMedicationTVC+Interval.swift"; path = "Add/AddMedicationTVC+Interval.swift"; sourceTree = "<group>"; };
		CE2497151BAA00DF00627525 /* TutorialPVC.swift */ = {isa = PBXFileReference; fileEncoding = 4; lastKnownFileType = sourcecode.swift; name = TutorialPVC.swift; path = Tutorial/TutorialPVC.swift; sourceTree = "<group>"; };
		CE24971A1BAA4E7400627525 /* TutorialContentVC.swift */ = {isa = PBXFileReference; fileEncoding = 4; lastKnownFileType = sourcecode.swift; name = TutorialContentVC.swift; path = Tutorial/TutorialContentVC.swift; sourceTree = "<group>"; };
		CE2725C21C26B425001CA73A /* MainVC.swift */ = {isa = PBXFileReference; fileEncoding = 4; lastKnownFileType = sourcecode.swift; name = MainVC.swift; path = Main/MainVC.swift; sourceTree = "<group>"; };
		CE2F6B101BBD492400707951 /* MainTVC+UIViewControllerPreviewing.swift */ = {isa = PBXFileReference; fileEncoding = 4; lastKnownFileType = sourcecode.swift; name = "MainTVC+UIViewControllerPreviewing.swift"; path = "Main/MainTVC+UIViewControllerPreviewing.swift"; sourceTree = "<group>"; };
		CE2F6B161BBD5BA800707951 /* MedicineTodayExtension.appex */ = {isa = PBXFileReference; explicitFileType = "wrapper.app-extension"; includeInIndex = 0; path = MedicineTodayExtension.appex; sourceTree = BUILT_PRODUCTS_DIR; };
		CE2F6B171BBD5BA800707951 /* NotificationCenter.framework */ = {isa = PBXFileReference; lastKnownFileType = wrapper.framework; name = NotificationCenter.framework; path = System/Library/Frameworks/NotificationCenter.framework; sourceTree = SDKROOT; };
		CE2F6B1A1BBD5BA800707951 /* TodayViewController.swift */ = {isa = PBXFileReference; lastKnownFileType = sourcecode.swift; path = TodayViewController.swift; sourceTree = "<group>"; };
		CE2F6B1D1BBD5BA800707951 /* Base */ = {isa = PBXFileReference; lastKnownFileType = file.storyboard; name = Base; path = Base.lproj/MainInterface.storyboard; sourceTree = "<group>"; };
		CE2F6B1F1BBD5BA800707951 /* Info.plist */ = {isa = PBXFileReference; lastKnownFileType = text.plist.xml; path = Info.plist; sourceTree = "<group>"; };
		CE2F6B2D1BBD63F500707951 /* MedicineTodayExtension.entitlements */ = {isa = PBXFileReference; lastKnownFileType = text.xml; path = MedicineTodayExtension.entitlements; sourceTree = "<group>"; };
		CE30D1541B9856D1007805DB /* Refill+CoreDataProperties.swift */ = {isa = PBXFileReference; fileEncoding = 4; lastKnownFileType = sourcecode.swift; name = "Refill+CoreDataProperties.swift"; path = "Medicine/Models/Refill+CoreDataProperties.swift"; sourceTree = "<group>"; };
		CE30D1551B9856D1007805DB /* Refill.swift */ = {isa = PBXFileReference; fileEncoding = 4; lastKnownFileType = sourcecode.swift; name = Refill.swift; path = Medicine/Models/Refill.swift; sourceTree = "<group>"; };
		CE38AF221B950517000D00AD /* AddDoseTVC.swift */ = {isa = PBXFileReference; fileEncoding = 4; lastKnownFileType = sourcecode.swift; name = AddDoseTVC.swift; path = Add/AddDoseTVC.swift; sourceTree = "<group>"; };
		CE3A42531C13A27C0035E390 /* MedicineRefillHistoryTVC.swift */ = {isa = PBXFileReference; fileEncoding = 4; lastKnownFileType = sourcecode.swift; name = MedicineRefillHistoryTVC.swift; path = Details/MedicineRefillHistoryTVC.swift; sourceTree = "<group>"; };
		CE47425C1BFF1BA900B87403 /* Medicine - 2.5.xcdatamodel */ = {isa = PBXFileReference; lastKnownFileType = wrapper.xcdatamodel; path = "Medicine - 2.5.xcdatamodel"; sourceTree = "<group>"; };
		CE48157B1B971A5700F1FA0C /* Medicine - 2.xcdatamodel */ = {isa = PBXFileReference; lastKnownFileType = wrapper.xcdatamodel; path = "Medicine - 2.xcdatamodel"; sourceTree = "<group>"; };
		CE587A151BA9244400821D18 /* Medicine - 2. 2.xcdatamodel */ = {isa = PBXFileReference; lastKnownFileType = wrapper.xcdatamodel; path = "Medicine - 2. 2.xcdatamodel"; sourceTree = "<group>"; };
		CE6325C91BA1661C00BAD562 /* UpgradeVC.swift */ = {isa = PBXFileReference; fileEncoding = 4; lastKnownFileType = sourcecode.swift; name = UpgradeVC.swift; path = Main/UpgradeVC.swift; sourceTree = "<group>"; };
		CE6E55191B9040C900805397 /* Medicine+CoreDataProperties.swift */ = {isa = PBXFileReference; fileEncoding = 4; lastKnownFileType = sourcecode.swift; name = "Medicine+CoreDataProperties.swift"; path = "Medicine/Models/Medicine+CoreDataProperties.swift"; sourceTree = "<group>"; };
		CE6E551A1B9040C900805397 /* Medicine.swift */ = {isa = PBXFileReference; fileEncoding = 4; lastKnownFileType = sourcecode.swift; name = Medicine.swift; path = Medicine/Models/Medicine.swift; sourceTree = "<group>"; };
		CE6E551B1B9040C900805397 /* Dose+CoreDataProperties.swift */ = {isa = PBXFileReference; fileEncoding = 4; lastKnownFileType = sourcecode.swift; name = "Dose+CoreDataProperties.swift"; path = "Medicine/Models/Dose+CoreDataProperties.swift"; sourceTree = "<group>"; };
		CE6E551C1B9040C900805397 /* Dose.swift */ = {isa = PBXFileReference; fileEncoding = 4; lastKnownFileType = sourcecode.swift; name = Dose.swift; path = Medicine/Models/Dose.swift; sourceTree = "<group>"; };
		CE7519751BB00CA9000A2879 /* SettingsTVC.swift */ = {isa = PBXFileReference; fileEncoding = 4; lastKnownFileType = sourcecode.swift; name = SettingsTVC.swift; path = Settings/SettingsTVC.swift; sourceTree = "<group>"; };
		CE7519771BB00CB5000A2879 /* SettingsTVC+Sort.swift */ = {isa = PBXFileReference; fileEncoding = 4; lastKnownFileType = sourcecode.swift; name = "SettingsTVC+Sort.swift"; path = "Settings/SettingsTVC+Sort.swift"; sourceTree = "<group>"; };
		CE7519791BB00CFE000A2879 /* SettingsTVC+Snooze.swift */ = {isa = PBXFileReference; fileEncoding = 4; lastKnownFileType = sourcecode.swift; name = "SettingsTVC+Snooze.swift"; path = "Settings/SettingsTVC+Snooze.swift"; sourceTree = "<group>"; };
		CE75197D1BB1607F000A2879 /* SettingsTVC+Console.swift */ = {isa = PBXFileReference; fileEncoding = 4; lastKnownFileType = sourcecode.swift; name = "SettingsTVC+Console.swift"; path = "Settings/SettingsTVC+Console.swift"; sourceTree = "<group>"; };
		CE7A8E7F1BB89CD1001727B9 /* Medicine - 2.3.xcdatamodel */ = {isa = PBXFileReference; lastKnownFileType = wrapper.xcdatamodel; path = "Medicine - 2.3.xcdatamodel"; sourceTree = "<group>"; };
		CE94A5B51BE8B13B008E58DF /* SettingsTVC+Refill.swift */ = {isa = PBXFileReference; fileEncoding = 4; lastKnownFileType = sourcecode.swift; name = "SettingsTVC+Refill.swift"; path = "Settings/SettingsTVC+Refill.swift"; sourceTree = "<group>"; };
		CE9A36C41B98FDCB00B90EDB /* MedicineTests.xctest */ = {isa = PBXFileReference; explicitFileType = wrapper.cfbundle; includeInIndex = 0; path = MedicineTests.xctest; sourceTree = BUILT_PRODUCTS_DIR; };
		CE9A36C61B98FDCB00B90EDB /* MedicineTests.swift */ = {isa = PBXFileReference; lastKnownFileType = sourcecode.swift; path = MedicineTests.swift; sourceTree = "<group>"; };
		CE9A36C81B98FDCB00B90EDB /* Info.plist */ = {isa = PBXFileReference; lastKnownFileType = text.plist.xml; path = Info.plist; sourceTree = "<group>"; };
		CEA250E51B90396C00BBE466 /* Medicine.app */ = {isa = PBXFileReference; explicitFileType = wrapper.application; includeInIndex = 0; path = Medicine.app; sourceTree = BUILT_PRODUCTS_DIR; };
		CEA250E81B90396C00BBE466 /* AppDelegate.swift */ = {isa = PBXFileReference; lastKnownFileType = sourcecode.swift; path = AppDelegate.swift; sourceTree = "<group>"; };
		CEA250ED1B90396C00BBE466 /* Base */ = {isa = PBXFileReference; lastKnownFileType = file.storyboard; name = Base; path = Base.lproj/Main.storyboard; sourceTree = "<group>"; };
		CEA250F21B90396C00BBE466 /* Assets.xcassets */ = {isa = PBXFileReference; lastKnownFileType = folder.assetcatalog; path = Assets.xcassets; sourceTree = "<group>"; };
		CEA250F51B90396C00BBE466 /* Base */ = {isa = PBXFileReference; lastKnownFileType = file.storyboard; name = Base; path = Base.lproj/LaunchScreen.storyboard; sourceTree = "<group>"; };
		CEA250F71B90396C00BBE466 /* Info.plist */ = {isa = PBXFileReference; lastKnownFileType = text.plist.xml; path = Info.plist; sourceTree = "<group>"; };
		CEA250FE1B903BC200BBE466 /* AddMedicationTVC.swift */ = {isa = PBXFileReference; fileEncoding = 4; lastKnownFileType = sourcecode.swift; name = AddMedicationTVC.swift; path = Add/AddMedicationTVC.swift; sourceTree = "<group>"; };
		CEA251011B903BE400BBE466 /* MainTVC.swift */ = {isa = PBXFileReference; fileEncoding = 4; lastKnownFileType = sourcecode.swift; name = MainTVC.swift; path = Main/MainTVC.swift; sourceTree = "<group>"; };
		CEA2510B1B903E7D00BBE466 /* Medicine.xcdatamodel */ = {isa = PBXFileReference; lastKnownFileType = wrapper.xcdatamodel; path = Medicine.xcdatamodel; sourceTree = "<group>"; };
		CEA5DFC11C1190F100B9BC99 /* Base */ = {isa = PBXFileReference; lastKnownFileType = file.storyboard; name = Base; path = Base.lproj/MedicineDetails.storyboard; sourceTree = "<group>"; };
		CEA9CA0D1BA87317001395BF /* Medicine - 2.1.xcdatamodel */ = {isa = PBXFileReference; lastKnownFileType = wrapper.xcdatamodel; path = "Medicine - 2.1.xcdatamodel"; sourceTree = "<group>"; };
		CEB36F3E1BE6D02000BCBD87 /* MedicineCell.swift */ = {isa = PBXFileReference; fileEncoding = 4; lastKnownFileType = sourcecode.swift; name = MedicineCell.swift; path = Main/MedicineCell.swift; sourceTree = "<group>"; };
		CEB36F401BE6EA2100BCBD87 /* MedicineCell+Adherence.swift */ = {isa = PBXFileReference; fileEncoding = 4; lastKnownFileType = sourcecode.swift; name = "MedicineCell+Adherence.swift"; path = "Main/MedicineCell+Adherence.swift"; sourceTree = "<group>"; };
		CECD22B31BE94FDB007C5F25 /* Base */ = {isa = PBXFileReference; lastKnownFileType = file.storyboard; name = Base; path = Base.lproj/AddRefill.storyboard; sourceTree = "<group>"; };
		CECD22B51BE95088007C5F25 /* AddRefillTVC.swift */ = {isa = PBXFileReference; fileEncoding = 4; lastKnownFileType = sourcecode.swift; name = AddRefillTVC.swift; path = Add/AddRefillTVC.swift; sourceTree = "<group>"; };
		CEE18F341BEEC5CF00222D92 /* Medicine - 2.4.xcdatamodel */ = {isa = PBXFileReference; lastKnownFileType = wrapper.xcdatamodel; path = "Medicine - 2.4.xcdatamodel"; sourceTree = "<group>"; };
		CEE18F351BEEC91800222D92 /* SettingsTVC+Collection.swift */ = {isa = PBXFileReference; fileEncoding = 4; lastKnownFileType = sourcecode.swift; name = "SettingsTVC+Collection.swift"; path = "Settings/SettingsTVC+Collection.swift"; sourceTree = "<group>"; };
		CEE18F371BEECE3700222D92 /* SettingsTVC+Manage.swift */ = {isa = PBXFileReference; fileEncoding = 4; lastKnownFileType = sourcecode.swift; name = "SettingsTVC+Manage.swift"; path = "Settings/SettingsTVC+Manage.swift"; sourceTree = "<group>"; };
		CEE849801C13932600880484 /* MedicineDetailsTVC.swift */ = {isa = PBXFileReference; fileEncoding = 4; lastKnownFileType = sourcecode.swift; name = MedicineDetailsTVC.swift; path = Details/MedicineDetailsTVC.swift; sourceTree = "<group>"; };
		CEF5483B1B9CEA7100C344B4 /* StoreKit.framework */ = {isa = PBXFileReference; lastKnownFileType = wrapper.framework; name = StoreKit.framework; path = System/Library/Frameworks/StoreKit.framework; sourceTree = SDKROOT; };
		CEF5483E1B9CEA8200C344B4 /* Medicine.entitlements */ = {isa = PBXFileReference; lastKnownFileType = text.xml; name = Medicine.entitlements; path = Medicine/Medicine.entitlements; sourceTree = "<group>"; };
		CEFE5E201BF1E00C00039302 /* WelcomeVC.swift */ = {isa = PBXFileReference; fileEncoding = 4; lastKnownFileType = sourcecode.swift; name = WelcomeVC.swift; path = Tutorial/WelcomeVC.swift; sourceTree = "<group>"; };
/* End PBXFileReference section */

/* Begin PBXFrameworksBuildPhase section */
		CE2F6B131BBD5BA800707951 /* Frameworks */ = {
			isa = PBXFrameworksBuildPhase;
			buildActionMask = 2147483647;
			files = (
				CE2F6B181BBD5BA800707951 /* NotificationCenter.framework in Frameworks */,
			);
			runOnlyForDeploymentPostprocessing = 0;
		};
		CE9A36C11B98FDCB00B90EDB /* Frameworks */ = {
			isa = PBXFrameworksBuildPhase;
			buildActionMask = 2147483647;
			files = (
			);
			runOnlyForDeploymentPostprocessing = 0;
		};
		CEA250E21B90396C00BBE466 /* Frameworks */ = {
			isa = PBXFrameworksBuildPhase;
			buildActionMask = 2147483647;
			files = (
				CEF5483C1B9CEA7100C344B4 /* StoreKit.framework in Frameworks */,
			);
			runOnlyForDeploymentPostprocessing = 0;
		};
/* End PBXFrameworksBuildPhase section */

/* Begin PBXGroup section */
		CE0EA1921BAFDB6A00F48A09 /* Settings */ = {
			isa = PBXGroup;
			children = (
				CE7519751BB00CA9000A2879 /* SettingsTVC.swift */,
				CE7519771BB00CB5000A2879 /* SettingsTVC+Sort.swift */,
				CE7519791BB00CFE000A2879 /* SettingsTVC+Snooze.swift */,
				CE94A5B51BE8B13B008E58DF /* SettingsTVC+Refill.swift */,
				CE75197D1BB1607F000A2879 /* SettingsTVC+Console.swift */,
				CEE18F371BEECE3700222D92 /* SettingsTVC+Manage.swift */,
				CEE18F351BEEC91800222D92 /* SettingsTVC+Collection.swift */,
			);
			name = Settings;
			sourceTree = "<group>";
		};
		CE0EA1931BAFDB7100F48A09 /* History */ = {
			isa = PBXGroup;
			children = (
				CE2325821BB1693C0013B72D /* HistoryEmptyView.xib */,
				CE0EA1941BAFE28200F48A09 /* HistoryTVC.swift */,
			);
			name = History;
			sourceTree = "<group>";
		};
		CE1A39F11C58B65D004480A4 /* Migration */ = {
			isa = PBXGroup;
			children = (
				CE1A39EF1C58B549004480A4 /* migrateV2toV3.xcmappingmodel */,
				CE1A39F21C58B6A6004480A4 /* dateCreatedPolicy.swift */,
			);
			name = Migration;
			sourceTree = "<group>";
		};
		CE1ADB911BA9EC4D0052F637 /* Upgrade */ = {
			isa = PBXGroup;
			children = (
				CE0EA1851BAFDAED00F48A09 /* Upgrade.storyboard */,
				CE6325C91BA1661C00BAD562 /* UpgradeVC.swift */,
			);
			name = Upgrade;
			sourceTree = "<group>";
		};
		CE2F6B191BBD5BA800707951 /* MedicineTodayExtension */ = {
			isa = PBXGroup;
			children = (
				CE2F6B2D1BBD63F500707951 /* MedicineTodayExtension.entitlements */,
				CE2F6B1C1BBD5BA800707951 /* MainInterface.storyboard */,
				CE2F6B1A1BBD5BA800707951 /* TodayViewController.swift */,
				CE2F6B1F1BBD5BA800707951 /* Info.plist */,
			);
			path = MedicineTodayExtension;
			sourceTree = "<group>";
		};
		CE6E55211B9040E700805397 /* Models */ = {
			isa = PBXGroup;
			children = (
				CEA2510A1B903E7D00BBE466 /* Medicine.xcdatamodeld */,
				CE1A39F11C58B65D004480A4 /* Migration */,
				CEE25F781B98F80100B2337B /* Extensions */,
				CE6E551A1B9040C900805397 /* Medicine.swift */,
				CE6E551C1B9040C900805397 /* Dose.swift */,
				CE30D1551B9856D1007805DB /* Refill.swift */,
			);
			name = Models;
			path = ..;
			sourceTree = "<group>";
		};
		CE9A36C51B98FDCB00B90EDB /* MedicineTests */ = {
			isa = PBXGroup;
			children = (
				CE9A36C61B98FDCB00B90EDB /* MedicineTests.swift */,
				CE9A36C81B98FDCB00B90EDB /* Info.plist */,
			);
			path = MedicineTests;
			sourceTree = "<group>";
		};
		CEA250DC1B90396C00BBE466 = {
			isa = PBXGroup;
			children = (
				CEA250E71B90396C00BBE466 /* Medicine */,
				CE9A36C51B98FDCB00B90EDB /* MedicineTests */,
				CE2F6B191BBD5BA800707951 /* MedicineTodayExtension */,
				CEF5483D1B9CEA7A00C344B4 /* Frameworks */,
				CEA250E61B90396C00BBE466 /* Products */,
			);
			sourceTree = "<group>";
		};
		CEA250E61B90396C00BBE466 /* Products */ = {
			isa = PBXGroup;
			children = (
				CEA250E51B90396C00BBE466 /* Medicine.app */,
				CE9A36C41B98FDCB00B90EDB /* MedicineTests.xctest */,
				CE2F6B161BBD5BA800707951 /* MedicineTodayExtension.appex */,
			);
			name = Products;
			sourceTree = "<group>";
		};
		CEA250E71B90396C00BBE466 /* Medicine */ = {
			isa = PBXGroup;
			children = (
				CEA250E81B90396C00BBE466 /* AppDelegate.swift */,
				CE6E55211B9040E700805397 /* Models */,
				CEA251031B903BE900BBE466 /* Main */,
				CECD22B11BE94127007C5F25 /* Details */,
				CE0EA1931BAFDB7100F48A09 /* History */,
				CEA251001B903BC900BBE466 /* Add */,
				CE0EA1921BAFDB6A00F48A09 /* Settings */,
				CE1ADB911BA9EC4D0052F637 /* Upgrade */,
				CEE7FC651BA944710036DFA5 /* Tutorial */,
				CEA250FD1B9039E600BBE466 /* Other */,
			);
			path = Medicine;
			sourceTree = "<group>";
		};
		CEA250FD1B9039E600BBE466 /* Other */ = {
			isa = PBXGroup;
			children = (
				CEA250F71B90396C00BBE466 /* Info.plist */,
				CEA250F41B90396C00BBE466 /* LaunchScreen.storyboard */,
				CEA250F21B90396C00BBE466 /* Assets.xcassets */,
			);
			name = Other;
			sourceTree = "<group>";
		};
		CEA251001B903BC900BBE466 /* Add */ = {
			isa = PBXGroup;
			children = (
				CE0EA17F1BAFDAED00F48A09 /* AddMedication.storyboard */,
				CEA250FE1B903BC200BBE466 /* AddMedicationTVC.swift */,
				CE247B8E1B96618100E4EB5F /* AddMedicationTVC+Dosage.swift */,
				CE247B901B96619B00E4EB5F /* AddMedicationTVC+Interval.swift */,
				CE0EA17D1BAFDAED00F48A09 /* AddDose.storyboard */,
				CE38AF221B950517000D00AD /* AddDoseTVC.swift */,
				CE0EA19C1BAFFDA200F48A09 /* AddDoseTVC+Medicine.swift */,
				CECD22B21BE94FDB007C5F25 /* AddRefill.storyboard */,
				CECD22B51BE95088007C5F25 /* AddRefillTVC.swift */,
			);
			name = Add;
			sourceTree = "<group>";
		};
		CEA251031B903BE900BBE466 /* Main */ = {
			isa = PBXGroup;
			children = (
				CEA250EC1B90396C00BBE466 /* Main.storyboard */,
				CE0EA1811BAFDAED00F48A09 /* MainEmptyView.xib */,
				CE0EA1981BAFF49100F48A09 /* MainTBC.swift */,
				CE2725C21C26B425001CA73A /* MainVC.swift */,
				CEA251011B903BE400BBE466 /* MainTVC.swift */,
				CE2F6B101BBD492400707951 /* MainTVC+UIViewControllerPreviewing.swift */,
				CEB36F3E1BE6D02000BCBD87 /* MedicineCell.swift */,
				CEB36F401BE6EA2100BCBD87 /* MedicineCell+Adherence.swift */,
			);
			name = Main;
			sourceTree = "<group>";
		};
		CECD22B11BE94127007C5F25 /* Details */ = {
			isa = PBXGroup;
			children = (
				CEA5DFC01C1190F100B9BC99 /* MedicineDetails.storyboard */,
				CEE849801C13932600880484 /* MedicineDetailsTVC.swift */,
				CE0EA1961BAFE2B800F48A09 /* MedicineDoseHistoryTVC.swift */,
				CE3A42531C13A27C0035E390 /* MedicineRefillHistoryTVC.swift */,
			);
			name = Details;
			sourceTree = "<group>";
		};
		CEE25F781B98F80100B2337B /* Extensions */ = {
			isa = PBXGroup;
			children = (
				CE6E55191B9040C900805397 /* Medicine+CoreDataProperties.swift */,
				CE6E551B1B9040C900805397 /* Dose+CoreDataProperties.swift */,
				CE30D1541B9856D1007805DB /* Refill+CoreDataProperties.swift */,
			);
			name = Extensions;
			sourceTree = "<group>";
		};
		CEE7FC651BA944710036DFA5 /* Tutorial */ = {
			isa = PBXGroup;
			children = (
				CE0EA1831BAFDAED00F48A09 /* Tutorial.storyboard */,
				CEFE5E201BF1E00C00039302 /* WelcomeVC.swift */,
				CE2497151BAA00DF00627525 /* TutorialPVC.swift */,
				CE24971A1BAA4E7400627525 /* TutorialContentVC.swift */,
			);
			name = Tutorial;
			sourceTree = "<group>";
		};
		CEF5483D1B9CEA7A00C344B4 /* Frameworks */ = {
			isa = PBXGroup;
			children = (
				CEF5483E1B9CEA8200C344B4 /* Medicine.entitlements */,
				CEF5483B1B9CEA7100C344B4 /* StoreKit.framework */,
				CE2F6B171BBD5BA800707951 /* NotificationCenter.framework */,
			);
			name = Frameworks;
			sourceTree = "<group>";
		};
/* End PBXGroup section */

/* Begin PBXNativeTarget section */
		CE2F6B151BBD5BA800707951 /* MedicineTodayExtension */ = {
			isa = PBXNativeTarget;
			buildConfigurationList = CE2F6B231BBD5BA800707951 /* Build configuration list for PBXNativeTarget "MedicineTodayExtension" */;
			buildPhases = (
				CE2F6B121BBD5BA800707951 /* Sources */,
				CE2F6B131BBD5BA800707951 /* Frameworks */,
				CE2F6B141BBD5BA800707951 /* Resources */,
			);
			buildRules = (
			);
			dependencies = (
			);
			name = MedicineTodayExtension;
			productName = MedicineTodayExtension;
			productReference = CE2F6B161BBD5BA800707951 /* MedicineTodayExtension.appex */;
			productType = "com.apple.product-type.app-extension";
		};
		CE9A36C31B98FDCB00B90EDB /* MedicineTests */ = {
			isa = PBXNativeTarget;
			buildConfigurationList = CE9A36CD1B98FDCB00B90EDB /* Build configuration list for PBXNativeTarget "MedicineTests" */;
			buildPhases = (
				CE9A36C01B98FDCB00B90EDB /* Sources */,
				CE9A36C11B98FDCB00B90EDB /* Frameworks */,
				CE9A36C21B98FDCB00B90EDB /* Resources */,
			);
			buildRules = (
			);
			dependencies = (
				CE9A36CA1B98FDCB00B90EDB /* PBXTargetDependency */,
			);
			name = MedicineTests;
			productName = MedicineTests;
			productReference = CE9A36C41B98FDCB00B90EDB /* MedicineTests.xctest */;
			productType = "com.apple.product-type.bundle.unit-test";
		};
		CEA250E41B90396C00BBE466 /* Medicine */ = {
			isa = PBXNativeTarget;
			buildConfigurationList = CEA250FA1B90396C00BBE466 /* Build configuration list for PBXNativeTarget "Medicine" */;
			buildPhases = (
				CEA250E11B90396C00BBE466 /* Sources */,
				CEA250E21B90396C00BBE466 /* Frameworks */,
				CEA250E31B90396C00BBE466 /* Resources */,
				CE2F6B261BBD5BA800707951 /* Embed App Extensions */,
			);
			buildRules = (
			);
			dependencies = (
				CE2F6B211BBD5BA800707951 /* PBXTargetDependency */,
			);
			name = Medicine;
			productName = Medicine;
			productReference = CEA250E51B90396C00BBE466 /* Medicine.app */;
			productType = "com.apple.product-type.application";
		};
/* End PBXNativeTarget section */

/* Begin PBXProject section */
		CEA250DD1B90396C00BBE466 /* Project object */ = {
			isa = PBXProject;
			attributes = {
				LastSwiftUpdateCheck = 0710;
				LastUpgradeCheck = 0700;
				ORGANIZATIONNAME = "Elliot Barer";
				TargetAttributes = {
					CE2F6B151BBD5BA800707951 = {
						CreatedOnToolsVersion = 7.1;
						DevelopmentTeam = 5ZJB9DN7AQ;
						SystemCapabilities = {
							com.apple.ApplicationGroups.iOS = {
								enabled = 1;
							};
						};
					};
					CE9A36C31B98FDCB00B90EDB = {
						CreatedOnToolsVersion = 7.0;
						TestTargetID = CEA250E41B90396C00BBE466;
					};
					CEA250E41B90396C00BBE466 = {
						CreatedOnToolsVersion = 7.0;
						DevelopmentTeam = 5ZJB9DN7AQ;
						SystemCapabilities = {
							com.apple.ApplicationGroups.iOS = {
								enabled = 1;
							};
							com.apple.BackgroundModes = {
								enabled = 1;
							};
							com.apple.InAppPurchase = {
								enabled = 1;
							};
							com.apple.iCloud = {
								enabled = 1;
							};
						};
					};
				};
			};
			buildConfigurationList = CEA250E01B90396C00BBE466 /* Build configuration list for PBXProject "Medicine" */;
			compatibilityVersion = "Xcode 3.2";
			developmentRegion = English;
			hasScannedForEncodings = 0;
			knownRegions = (
				en,
				Base,
			);
			mainGroup = CEA250DC1B90396C00BBE466;
			productRefGroup = CEA250E61B90396C00BBE466 /* Products */;
			projectDirPath = "";
			projectRoot = "";
			targets = (
				CEA250E41B90396C00BBE466 /* Medicine */,
				CE2F6B151BBD5BA800707951 /* MedicineTodayExtension */,
				CE9A36C31B98FDCB00B90EDB /* MedicineTests */,
			);
		};
/* End PBXProject section */

/* Begin PBXResourcesBuildPhase section */
		CE2F6B141BBD5BA800707951 /* Resources */ = {
			isa = PBXResourcesBuildPhase;
			buildActionMask = 2147483647;
			files = (
				CE2F6B1E1BBD5BA800707951 /* MainInterface.storyboard in Resources */,
			);
			runOnlyForDeploymentPostprocessing = 0;
		};
		CE9A36C21B98FDCB00B90EDB /* Resources */ = {
			isa = PBXResourcesBuildPhase;
			buildActionMask = 2147483647;
			files = (
			);
			runOnlyForDeploymentPostprocessing = 0;
		};
		CEA250E31B90396C00BBE466 /* Resources */ = {
			isa = PBXResourcesBuildPhase;
			buildActionMask = 2147483647;
			files = (
				CECD22B41BE94FDB007C5F25 /* AddRefill.storyboard in Resources */,
				CEA250F31B90396C00BBE466 /* Assets.xcassets in Resources */,
				CE0EA18B1BAFDAED00F48A09 /* Upgrade.storyboard in Resources */,
				CEA250F61B90396C00BBE466 /* LaunchScreen.storyboard in Resources */,
				CEA250EE1B90396C00BBE466 /* Main.storyboard in Resources */,
				CE0EA1871BAFDAED00F48A09 /* AddDose.storyboard in Resources */,
				CE2325841BB1693C0013B72D /* HistoryEmptyView.xib in Resources */,
				CEA5DFC21C1190F100B9BC99 /* MedicineDetails.storyboard in Resources */,
				CE0EA1891BAFDAED00F48A09 /* MainEmptyView.xib in Resources */,
				CE0EA18A1BAFDAED00F48A09 /* Tutorial.storyboard in Resources */,
				CE0EA1881BAFDAED00F48A09 /* AddMedication.storyboard in Resources */,
			);
			runOnlyForDeploymentPostprocessing = 0;
		};
/* End PBXResourcesBuildPhase section */

/* Begin PBXSourcesBuildPhase section */
		CE2F6B121BBD5BA800707951 /* Sources */ = {
			isa = PBXSourcesBuildPhase;
			buildActionMask = 2147483647;
			files = (
				CE2F6B1B1BBD5BA800707951 /* TodayViewController.swift in Sources */,
			);
			runOnlyForDeploymentPostprocessing = 0;
		};
		CE9A36C01B98FDCB00B90EDB /* Sources */ = {
			isa = PBXSourcesBuildPhase;
			buildActionMask = 2147483647;
			files = (
				CE9A36C71B98FDCB00B90EDB /* MedicineTests.swift in Sources */,
			);
			runOnlyForDeploymentPostprocessing = 0;
		};
		CEA250E11B90396C00BBE466 /* Sources */ = {
			isa = PBXSourcesBuildPhase;
			buildActionMask = 2147483647;
			files = (
				CEA2510C1B903E7D00BBE466 /* Medicine.xcdatamodeld in Sources */,
				CE24971B1BAA4E7400627525 /* TutorialContentVC.swift in Sources */,
				CE94A5B61BE8B13B008E58DF /* SettingsTVC+Refill.swift in Sources */,
				CE6E551E1B9040C900805397 /* Medicine.swift in Sources */,
				CEE849811C13932600880484 /* MedicineDetailsTVC.swift in Sources */,
				CE6E551D1B9040C900805397 /* Medicine+CoreDataProperties.swift in Sources */,
				CE2725C31C26B425001CA73A /* MainVC.swift in Sources */,
				CE6E55201B9040C900805397 /* Dose.swift in Sources */,
				CE6E551F1B9040C900805397 /* Dose+CoreDataProperties.swift in Sources */,
				CE30D1581B9856D1007805DB /* Refill.swift in Sources */,
				CE30D1571B9856D1007805DB /* Refill+CoreDataProperties.swift in Sources */,
				CE1A39F01C58B549004480A4 /* migrateV2toV3.xcmappingmodel in Sources */,
				CE0EA1991BAFF49100F48A09 /* MainTBC.swift in Sources */,
				CEA250E91B90396C00BBE466 /* AppDelegate.swift in Sources */,
				CEE18F381BEECE3700222D92 /* SettingsTVC+Manage.swift in Sources */,
				CE0EA19D1BAFFDA200F48A09 /* AddDoseTVC+Medicine.swift in Sources */,
				CEA250FF1B903BC200BBE466 /* AddMedicationTVC.swift in Sources */,
				CE6325CA1BA1661C00BAD562 /* UpgradeVC.swift in Sources */,
				CE75197A1BB00CFE000A2879 /* SettingsTVC+Snooze.swift in Sources */,
				CE7519781BB00CB5000A2879 /* SettingsTVC+Sort.swift in Sources */,
				CECD22B61BE95088007C5F25 /* AddRefillTVC.swift in Sources */,
				CE75197E1BB1607F000A2879 /* SettingsTVC+Console.swift in Sources */,
				CE247B8F1B96618100E4EB5F /* AddMedicationTVC+Dosage.swift in Sources */,
				CEFE5E211BF1E00C00039302 /* WelcomeVC.swift in Sources */,
				CE247B911B96619B00E4EB5F /* AddMedicationTVC+Interval.swift in Sources */,
				CE7519761BB00CA9000A2879 /* SettingsTVC.swift in Sources */,
				CEB36F411BE6EA2100BCBD87 /* MedicineCell+Adherence.swift in Sources */,
				CEB36F3F1BE6D02000BCBD87 /* MedicineCell.swift in Sources */,
				CE38AF231B950517000D00AD /* AddDoseTVC.swift in Sources */,
				CE0EA1951BAFE28200F48A09 /* HistoryTVC.swift in Sources */,
				CE0EA1971BAFE2B800F48A09 /* MedicineDoseHistoryTVC.swift in Sources */,
				CE3A42541C13A27C0035E390 /* MedicineRefillHistoryTVC.swift in Sources */,
				CE1A39F31C58B6A6004480A4 /* dateCreatedPolicy.swift in Sources */,
				CEE18F361BEEC91800222D92 /* SettingsTVC+Collection.swift in Sources */,
				CE2497161BAA00DF00627525 /* TutorialPVC.swift in Sources */,
				CE2F6B111BBD492400707951 /* MainTVC+UIViewControllerPreviewing.swift in Sources */,
			);
			runOnlyForDeploymentPostprocessing = 0;
		};
/* End PBXSourcesBuildPhase section */

/* Begin PBXTargetDependency section */
		CE2F6B211BBD5BA800707951 /* PBXTargetDependency */ = {
			isa = PBXTargetDependency;
			target = CE2F6B151BBD5BA800707951 /* MedicineTodayExtension */;
			targetProxy = CE2F6B201BBD5BA800707951 /* PBXContainerItemProxy */;
		};
		CE9A36CA1B98FDCB00B90EDB /* PBXTargetDependency */ = {
			isa = PBXTargetDependency;
			target = CEA250E41B90396C00BBE466 /* Medicine */;
			targetProxy = CE9A36C91B98FDCB00B90EDB /* PBXContainerItemProxy */;
		};
/* End PBXTargetDependency section */

/* Begin PBXVariantGroup section */
		CE0EA17D1BAFDAED00F48A09 /* AddDose.storyboard */ = {
			isa = PBXVariantGroup;
			children = (
				CE0EA17E1BAFDAED00F48A09 /* Base */,
			);
			name = AddDose.storyboard;
			path = ..;
			sourceTree = "<group>";
		};
		CE0EA17F1BAFDAED00F48A09 /* AddMedication.storyboard */ = {
			isa = PBXVariantGroup;
			children = (
				CE0EA1801BAFDAED00F48A09 /* Base */,
			);
			name = AddMedication.storyboard;
			path = ..;
			sourceTree = "<group>";
		};
		CE0EA1811BAFDAED00F48A09 /* MainEmptyView.xib */ = {
			isa = PBXVariantGroup;
			children = (
				CE0EA1821BAFDAED00F48A09 /* Base */,
			);
			name = MainEmptyView.xib;
			path = ..;
			sourceTree = "<group>";
		};
		CE0EA1831BAFDAED00F48A09 /* Tutorial.storyboard */ = {
			isa = PBXVariantGroup;
			children = (
				CE0EA1841BAFDAED00F48A09 /* Base */,
			);
			name = Tutorial.storyboard;
			path = ..;
			sourceTree = "<group>";
		};
		CE0EA1851BAFDAED00F48A09 /* Upgrade.storyboard */ = {
			isa = PBXVariantGroup;
			children = (
				CE0EA1861BAFDAED00F48A09 /* Base */,
			);
			name = Upgrade.storyboard;
			path = ..;
			sourceTree = "<group>";
		};
		CE2325821BB1693C0013B72D /* HistoryEmptyView.xib */ = {
			isa = PBXVariantGroup;
			children = (
				CE2325831BB1693C0013B72D /* Base */,
			);
			name = HistoryEmptyView.xib;
			sourceTree = "<group>";
		};
		CE2F6B1C1BBD5BA800707951 /* MainInterface.storyboard */ = {
			isa = PBXVariantGroup;
			children = (
				CE2F6B1D1BBD5BA800707951 /* Base */,
			);
			name = MainInterface.storyboard;
			sourceTree = "<group>";
		};
		CEA250EC1B90396C00BBE466 /* Main.storyboard */ = {
			isa = PBXVariantGroup;
			children = (
				CEA250ED1B90396C00BBE466 /* Base */,
			);
			name = Main.storyboard;
			sourceTree = "<group>";
		};
		CEA250F41B90396C00BBE466 /* LaunchScreen.storyboard */ = {
			isa = PBXVariantGroup;
			children = (
				CEA250F51B90396C00BBE466 /* Base */,
			);
			name = LaunchScreen.storyboard;
			sourceTree = "<group>";
		};
		CEA5DFC01C1190F100B9BC99 /* MedicineDetails.storyboard */ = {
			isa = PBXVariantGroup;
			children = (
				CEA5DFC11C1190F100B9BC99 /* Base */,
			);
			name = MedicineDetails.storyboard;
			sourceTree = "<group>";
		};
		CECD22B21BE94FDB007C5F25 /* AddRefill.storyboard */ = {
			isa = PBXVariantGroup;
			children = (
				CECD22B31BE94FDB007C5F25 /* Base */,
			);
			name = AddRefill.storyboard;
			sourceTree = "<group>";
		};
/* End PBXVariantGroup section */

/* Begin XCBuildConfiguration section */
		CE2F6B241BBD5BA800707951 /* Debug */ = {
			isa = XCBuildConfiguration;
			buildSettings = {
				CODE_SIGN_ENTITLEMENTS = MedicineTodayExtension/MedicineTodayExtension.entitlements;
				CODE_SIGN_IDENTITY = "iPhone Developer";
				"CODE_SIGN_IDENTITY[sdk=iphoneos*]" = "iPhone Developer";
				INFOPLIST_FILE = MedicineTodayExtension/Info.plist;
				IPHONEOS_DEPLOYMENT_TARGET = 8.4;
				LD_RUNPATH_SEARCH_PATHS = "$(inherited) @executable_path/Frameworks @executable_path/../../Frameworks";
				PRODUCT_BUNDLE_IDENTIFIER = com.ebarer.Medicine.MedicineTodayExtension;
				PRODUCT_NAME = "$(TARGET_NAME)";
				PROVISIONING_PROFILE = "";
				SKIP_INSTALL = YES;
			};
			name = Debug;
		};
		CE2F6B251BBD5BA800707951 /* Release */ = {
			isa = XCBuildConfiguration;
			buildSettings = {
				CODE_SIGN_ENTITLEMENTS = MedicineTodayExtension/MedicineTodayExtension.entitlements;
				CODE_SIGN_IDENTITY = "iPhone Developer";
				"CODE_SIGN_IDENTITY[sdk=iphoneos*]" = "iPhone Developer";
				INFOPLIST_FILE = MedicineTodayExtension/Info.plist;
				IPHONEOS_DEPLOYMENT_TARGET = 8.4;
				LD_RUNPATH_SEARCH_PATHS = "$(inherited) @executable_path/Frameworks @executable_path/../../Frameworks";
				PRODUCT_BUNDLE_IDENTIFIER = com.ebarer.Medicine.MedicineTodayExtension;
				PRODUCT_NAME = "$(TARGET_NAME)";
				PROVISIONING_PROFILE = "";
				SKIP_INSTALL = YES;
			};
			name = Release;
		};
		CE9A36CB1B98FDCB00B90EDB /* Debug */ = {
			isa = XCBuildConfiguration;
			buildSettings = {
				BUNDLE_LOADER = "$(TEST_HOST)";
				INFOPLIST_FILE = MedicineTests/Info.plist;
				LD_RUNPATH_SEARCH_PATHS = "$(inherited) @executable_path/Frameworks @loader_path/Frameworks";
				PRODUCT_BUNDLE_IDENTIFIER = com.ebarer.MedicineTests;
				PRODUCT_NAME = "$(TARGET_NAME)";
				TEST_HOST = "$(BUILT_PRODUCTS_DIR)/Medicine.app/Medicine";
			};
			name = Debug;
		};
		CE9A36CC1B98FDCB00B90EDB /* Release */ = {
			isa = XCBuildConfiguration;
			buildSettings = {
				BUNDLE_LOADER = "$(TEST_HOST)";
				INFOPLIST_FILE = MedicineTests/Info.plist;
				LD_RUNPATH_SEARCH_PATHS = "$(inherited) @executable_path/Frameworks @loader_path/Frameworks";
				PRODUCT_BUNDLE_IDENTIFIER = com.ebarer.MedicineTests;
				PRODUCT_NAME = "$(TARGET_NAME)";
				TEST_HOST = "$(BUILT_PRODUCTS_DIR)/Medicine.app/Medicine";
			};
			name = Release;
		};
		CEA250F81B90396C00BBE466 /* Debug */ = {
			isa = XCBuildConfiguration;
			buildSettings = {
				ALWAYS_SEARCH_USER_PATHS = NO;
				CLANG_CXX_LANGUAGE_STANDARD = "gnu++0x";
				CLANG_CXX_LIBRARY = "libc++";
				CLANG_ENABLE_MODULES = YES;
				CLANG_ENABLE_OBJC_ARC = YES;
				CLANG_WARN_BOOL_CONVERSION = YES;
				CLANG_WARN_CONSTANT_CONVERSION = YES;
				CLANG_WARN_DIRECT_OBJC_ISA_USAGE = YES_ERROR;
				CLANG_WARN_EMPTY_BODY = YES;
				CLANG_WARN_ENUM_CONVERSION = YES;
				CLANG_WARN_INT_CONVERSION = YES;
				CLANG_WARN_OBJC_ROOT_CLASS = YES_ERROR;
				CLANG_WARN_UNREACHABLE_CODE = YES;
				CLANG_WARN__DUPLICATE_METHOD_MATCH = YES;
				"CODE_SIGN_IDENTITY[sdk=iphoneos*]" = "iPhone Developer";
				COPY_PHASE_STRIP = NO;
				DEBUG_INFORMATION_FORMAT = dwarf;
				ENABLE_STRICT_OBJC_MSGSEND = YES;
				ENABLE_TESTABILITY = YES;
				GCC_C_LANGUAGE_STANDARD = gnu99;
				GCC_DYNAMIC_NO_PIC = NO;
				GCC_NO_COMMON_BLOCKS = YES;
				GCC_OPTIMIZATION_LEVEL = 0;
				GCC_PREPROCESSOR_DEFINITIONS = (
					"DEBUG=1",
					"$(inherited)",
				);
				GCC_WARN_64_TO_32_BIT_CONVERSION = YES;
				GCC_WARN_ABOUT_RETURN_TYPE = YES_ERROR;
				GCC_WARN_UNDECLARED_SELECTOR = YES;
				GCC_WARN_UNINITIALIZED_AUTOS = YES_AGGRESSIVE;
				GCC_WARN_UNUSED_FUNCTION = YES;
				GCC_WARN_UNUSED_VARIABLE = YES;
				IPHONEOS_DEPLOYMENT_TARGET = 9.0;
				MTL_ENABLE_DEBUG_INFO = YES;
				ONLY_ACTIVE_ARCH = YES;
				SDKROOT = iphoneos;
				SWIFT_OPTIMIZATION_LEVEL = "-Onone";
				TARGETED_DEVICE_FAMILY = "1,2";
			};
			name = Debug;
		};
		CEA250F91B90396C00BBE466 /* Release */ = {
			isa = XCBuildConfiguration;
			buildSettings = {
				ALWAYS_SEARCH_USER_PATHS = NO;
				CLANG_CXX_LANGUAGE_STANDARD = "gnu++0x";
				CLANG_CXX_LIBRARY = "libc++";
				CLANG_ENABLE_MODULES = YES;
				CLANG_ENABLE_OBJC_ARC = YES;
				CLANG_WARN_BOOL_CONVERSION = YES;
				CLANG_WARN_CONSTANT_CONVERSION = YES;
				CLANG_WARN_DIRECT_OBJC_ISA_USAGE = YES_ERROR;
				CLANG_WARN_EMPTY_BODY = YES;
				CLANG_WARN_ENUM_CONVERSION = YES;
				CLANG_WARN_INT_CONVERSION = YES;
				CLANG_WARN_OBJC_ROOT_CLASS = YES_ERROR;
				CLANG_WARN_UNREACHABLE_CODE = YES;
				CLANG_WARN__DUPLICATE_METHOD_MATCH = YES;
				"CODE_SIGN_IDENTITY[sdk=iphoneos*]" = "iPhone Developer";
				COPY_PHASE_STRIP = NO;
				DEBUG_INFORMATION_FORMAT = "dwarf-with-dsym";
				ENABLE_NS_ASSERTIONS = NO;
				ENABLE_STRICT_OBJC_MSGSEND = YES;
				GCC_C_LANGUAGE_STANDARD = gnu99;
				GCC_NO_COMMON_BLOCKS = YES;
				GCC_WARN_64_TO_32_BIT_CONVERSION = YES;
				GCC_WARN_ABOUT_RETURN_TYPE = YES_ERROR;
				GCC_WARN_UNDECLARED_SELECTOR = YES;
				GCC_WARN_UNINITIALIZED_AUTOS = YES_AGGRESSIVE;
				GCC_WARN_UNUSED_FUNCTION = YES;
				GCC_WARN_UNUSED_VARIABLE = YES;
				IPHONEOS_DEPLOYMENT_TARGET = 9.0;
				MTL_ENABLE_DEBUG_INFO = NO;
				SDKROOT = iphoneos;
				TARGETED_DEVICE_FAMILY = "1,2";
				VALIDATE_PRODUCT = YES;
			};
			name = Release;
		};
		CEA250FB1B90396C00BBE466 /* Debug */ = {
			isa = XCBuildConfiguration;
			buildSettings = {
				ASSETCATALOG_COMPILER_APPICON_NAME = AppIcon;
				CODE_SIGN_ENTITLEMENTS = Medicine/Medicine.entitlements;
				CODE_SIGN_IDENTITY = "iPhone Developer";
				"CODE_SIGN_IDENTITY[sdk=iphoneos*]" = "iPhone Developer";
				EMBEDDED_CONTENT_CONTAINS_SWIFT = YES;
				INFOPLIST_FILE = Medicine/Info.plist;
				IPHONEOS_DEPLOYMENT_TARGET = 9.0;
				LD_RUNPATH_SEARCH_PATHS = "$(inherited) @executable_path/Frameworks";
				PRODUCT_BUNDLE_IDENTIFIER = com.ebarer.Medicine;
				PRODUCT_NAME = "$(TARGET_NAME)";
				PROVISIONING_PROFILE = "";
			};
			name = Debug;
		};
		CEA250FC1B90396C00BBE466 /* Release */ = {
			isa = XCBuildConfiguration;
			buildSettings = {
				ASSETCATALOG_COMPILER_APPICON_NAME = AppIcon;
				CODE_SIGN_ENTITLEMENTS = Medicine/Medicine.entitlements;
				CODE_SIGN_IDENTITY = "iPhone Developer";
				"CODE_SIGN_IDENTITY[sdk=iphoneos*]" = "iPhone Developer";
				EMBEDDED_CONTENT_CONTAINS_SWIFT = YES;
				INFOPLIST_FILE = Medicine/Info.plist;
				IPHONEOS_DEPLOYMENT_TARGET = 9.0;
				LD_RUNPATH_SEARCH_PATHS = "$(inherited) @executable_path/Frameworks";
				PRODUCT_BUNDLE_IDENTIFIER = com.ebarer.Medicine;
				PRODUCT_NAME = "$(TARGET_NAME)";
				PROVISIONING_PROFILE = "";
			};
			name = Release;
		};
/* End XCBuildConfiguration section */

/* Begin XCConfigurationList section */
		CE2F6B231BBD5BA800707951 /* Build configuration list for PBXNativeTarget "MedicineTodayExtension" */ = {
			isa = XCConfigurationList;
			buildConfigurations = (
				CE2F6B241BBD5BA800707951 /* Debug */,
				CE2F6B251BBD5BA800707951 /* Release */,
			);
			defaultConfigurationIsVisible = 0;
			defaultConfigurationName = Release;
		};
		CE9A36CD1B98FDCB00B90EDB /* Build configuration list for PBXNativeTarget "MedicineTests" */ = {
			isa = XCConfigurationList;
			buildConfigurations = (
				CE9A36CB1B98FDCB00B90EDB /* Debug */,
				CE9A36CC1B98FDCB00B90EDB /* Release */,
			);
			defaultConfigurationIsVisible = 0;
			defaultConfigurationName = Release;
		};
		CEA250E01B90396C00BBE466 /* Build configuration list for PBXProject "Medicine" */ = {
			isa = XCConfigurationList;
			buildConfigurations = (
				CEA250F81B90396C00BBE466 /* Debug */,
				CEA250F91B90396C00BBE466 /* Release */,
			);
			defaultConfigurationIsVisible = 0;
			defaultConfigurationName = Release;
		};
		CEA250FA1B90396C00BBE466 /* Build configuration list for PBXNativeTarget "Medicine" */ = {
			isa = XCConfigurationList;
			buildConfigurations = (
				CEA250FB1B90396C00BBE466 /* Debug */,
				CEA250FC1B90396C00BBE466 /* Release */,
			);
			defaultConfigurationIsVisible = 0;
			defaultConfigurationName = Release;
		};
/* End XCConfigurationList section */

/* Begin XCVersionGroup section */
		CEA2510A1B903E7D00BBE466 /* Medicine.xcdatamodeld */ = {
			isa = XCVersionGroup;
			children = (
				CE1A39F41C58C487004480A4 /* Medicine - 3.xcdatamodel */,
				CE1A39EE1C58B420004480A4 /* Medicine - 2.6.xcdatamodel */,
				CE47425C1BFF1BA900B87403 /* Medicine - 2.5.xcdatamodel */,
				CEE18F341BEEC5CF00222D92 /* Medicine - 2.4.xcdatamodel */,
				CE7A8E7F1BB89CD1001727B9 /* Medicine - 2.3.xcdatamodel */,
				CE587A151BA9244400821D18 /* Medicine - 2. 2.xcdatamodel */,
				CEA9CA0D1BA87317001395BF /* Medicine - 2.1.xcdatamodel */,
				CE48157B1B971A5700F1FA0C /* Medicine - 2.xcdatamodel */,
				CEA2510B1B903E7D00BBE466 /* Medicine.xcdatamodel */,
			);
			currentVersion = CE1A39F41C58C487004480A4 /* Medicine - 3.xcdatamodel */;
			name = Medicine.xcdatamodeld;
			path = Medicine/Medicine.xcdatamodeld;
			sourceTree = "<group>";
			versionGroupType = wrapper.xcdatamodel;
		};
/* End XCVersionGroup section */
	};
	rootObject = CEA250DD1B90396C00BBE466 /* Project object */;
}
