// !$*UTF8*$!
{
	archiveVersion = 1;
	classes = {
	};
	objectVersion = 52;
	objects = {

/* Begin PBXBuildFile section */
		CE08C2A5232DC1D700B344BD /* UIColor+Extension.swift in Sources */ = {isa = PBXBuildFile; fileRef = CE08C2A4232DC1D600B344BD /* UIColor+Extension.swift */; };
		CE08C2A6232DCE2C00B344BD /* UIColor+Extension.swift in Sources */ = {isa = PBXBuildFile; fileRef = CE08C2A4232DC1D600B344BD /* UIColor+Extension.swift */; };
		CE0EA1871BAFDAED00F48A09 /* AddDose.storyboard in Resources */ = {isa = PBXBuildFile; fileRef = CE0EA17D1BAFDAED00F48A09 /* AddDose.storyboard */; };
		CE0EA1881BAFDAED00F48A09 /* AddMedication.storyboard in Resources */ = {isa = PBXBuildFile; fileRef = CE0EA17F1BAFDAED00F48A09 /* AddMedication.storyboard */; };
		CE0EA1891BAFDAED00F48A09 /* MainEmptyView.xib in Resources */ = {isa = PBXBuildFile; fileRef = CE0EA1811BAFDAED00F48A09 /* MainEmptyView.xib */; };
		CE0EA18A1BAFDAED00F48A09 /* FirstLaunch.storyboard in Resources */ = {isa = PBXBuildFile; fileRef = CE0EA1831BAFDAED00F48A09 /* FirstLaunch.storyboard */; };
		CE0EA18B1BAFDAED00F48A09 /* Upgrade.storyboard in Resources */ = {isa = PBXBuildFile; fileRef = CE0EA1851BAFDAED00F48A09 /* Upgrade.storyboard */; };
		CE0EA1951BAFE28200F48A09 /* HistoryTVC.swift in Sources */ = {isa = PBXBuildFile; fileRef = CE0EA1941BAFE28200F48A09 /* HistoryTVC.swift */; };
		CE0EA1971BAFE2B800F48A09 /* MedicineDoseHistoryTVC.swift in Sources */ = {isa = PBXBuildFile; fileRef = CE0EA1961BAFE2B800F48A09 /* MedicineDoseHistoryTVC.swift */; };
		CE0EA1991BAFF49100F48A09 /* MainTBC.swift in Sources */ = {isa = PBXBuildFile; fileRef = CE0EA1981BAFF49100F48A09 /* MainTBC.swift */; };
		CE0EA19D1BAFFDA200F48A09 /* AddDoseTVC+Medicine.swift in Sources */ = {isa = PBXBuildFile; fileRef = CE0EA19C1BAFFDA200F48A09 /* AddDoseTVC+Medicine.swift */; };
		CE15F3DB1F5EC6EE00DE24FF /* Date+Extension.swift in Sources */ = {isa = PBXBuildFile; fileRef = CE69135D1F5CDC5A007EC59C /* Date+Extension.swift */; };
		CE2325841BB1693C0013B72D /* HistoryEmptyView.xib in Resources */ = {isa = PBXBuildFile; fileRef = CE2325821BB1693C0013B72D /* HistoryEmptyView.xib */; };
		CE247B8F1B96618100E4EB5F /* AddMedicationTVC+Dosage.swift in Sources */ = {isa = PBXBuildFile; fileRef = CE247B8E1B96618100E4EB5F /* AddMedicationTVC+Dosage.swift */; };
		CE247B911B96619B00E4EB5F /* AddMedicationTVC+Interval.swift in Sources */ = {isa = PBXBuildFile; fileRef = CE247B901B96619B00E4EB5F /* AddMedicationTVC+Interval.swift */; };
		CE2725C31C26B425001CA73A /* MainVC.swift in Sources */ = {isa = PBXBuildFile; fileRef = CE2725C21C26B425001CA73A /* MainVC.swift */; };
		CE27589F1F597C470027F596 /* HistoryCell.swift in Sources */ = {isa = PBXBuildFile; fileRef = CE27589E1F597C470027F596 /* HistoryCell.swift */; };
		CE2F6B181BBD5BA800707951 /* NotificationCenter.framework in Frameworks */ = {isa = PBXBuildFile; fileRef = CE2F6B171BBD5BA800707951 /* NotificationCenter.framework */; };
		CE2F6B1B1BBD5BA800707951 /* TodayViewController.swift in Sources */ = {isa = PBXBuildFile; fileRef = CE2F6B1A1BBD5BA800707951 /* TodayViewController.swift */; };
		CE2F6B1E1BBD5BA800707951 /* MainInterface.storyboard in Resources */ = {isa = PBXBuildFile; fileRef = CE2F6B1C1BBD5BA800707951 /* MainInterface.storyboard */; };
		CE2F6B221BBD5BA800707951 /* MedicineTodayExtension.appex in Embed App Extensions */ = {isa = PBXBuildFile; fileRef = CE2F6B161BBD5BA800707951 /* MedicineTodayExtension.appex */; platformFilter = ios; settings = {ATTRIBUTES = (RemoveHeadersOnCopy, ); }; };
		CE30D1571B9856D1007805DB /* Refill+CoreDataProperties.swift in Sources */ = {isa = PBXBuildFile; fileRef = CE30D1541B9856D1007805DB /* Refill+CoreDataProperties.swift */; };
		CE30D1581B9856D1007805DB /* Refill.swift in Sources */ = {isa = PBXBuildFile; fileRef = CE30D1551B9856D1007805DB /* Refill.swift */; };
		CE38AF231B950517000D00AD /* AddDoseTVC.swift in Sources */ = {isa = PBXBuildFile; fileRef = CE38AF221B950517000D00AD /* AddDoseTVC.swift */; };
		CE3A42541C13A27C0035E390 /* MedicineRefillHistoryTVC.swift in Sources */ = {isa = PBXBuildFile; fileRef = CE3A42531C13A27C0035E390 /* MedicineRefillHistoryTVC.swift */; };
		CE3AB2FE1C66CCDE0036AC30 /* migrationV22toV25.xcmappingmodel in Sources */ = {isa = PBXBuildFile; fileRef = CE3AB2FD1C66CCDE0036AC30 /* migrationV22toV25.xcmappingmodel */; };
		CE444BE71F70A2BB00AC37E8 /* NewFeatures.storyboard in Resources */ = {isa = PBXBuildFile; fileRef = CE444BE61F70A2BB00AC37E8 /* NewFeatures.storyboard */; };
		CE444BEA1F70C6D600AC37E8 /* NewFeatures.swift in Sources */ = {isa = PBXBuildFile; fileRef = CE444BE81F70C6D500AC37E8 /* NewFeatures.swift */; };
		CE444BEB1F70C6D600AC37E8 /* FirstLaunch.swift in Sources */ = {isa = PBXBuildFile; fileRef = CE444BE91F70C6D500AC37E8 /* FirstLaunch.swift */; };
		CE6325CA1BA1661C00BAD562 /* UpgradeVC.swift in Sources */ = {isa = PBXBuildFile; fileRef = CE6325C91BA1661C00BAD562 /* UpgradeVC.swift */; };
		CE69135E1F5CDC5A007EC59C /* Date+Extension.swift in Sources */ = {isa = PBXBuildFile; fileRef = CE69135D1F5CDC5A007EC59C /* Date+Extension.swift */; };
		CE6E551D1B9040C900805397 /* Medicine+CoreDataProperties.swift in Sources */ = {isa = PBXBuildFile; fileRef = CE6E55191B9040C900805397 /* Medicine+CoreDataProperties.swift */; };
		CE6E551E1B9040C900805397 /* Medicine.swift in Sources */ = {isa = PBXBuildFile; fileRef = CE6E551A1B9040C900805397 /* Medicine.swift */; };
		CE6E551F1B9040C900805397 /* Dose+CoreDataProperties.swift in Sources */ = {isa = PBXBuildFile; fileRef = CE6E551B1B9040C900805397 /* Dose+CoreDataProperties.swift */; };
		CE6E55201B9040C900805397 /* Dose.swift in Sources */ = {isa = PBXBuildFile; fileRef = CE6E551C1B9040C900805397 /* Dose.swift */; };
		CE7519761BB00CA9000A2879 /* SettingsTVC.swift in Sources */ = {isa = PBXBuildFile; fileRef = CE7519751BB00CA9000A2879 /* SettingsTVC.swift */; };
		CE7519781BB00CB5000A2879 /* SettingsTVC+Sort.swift in Sources */ = {isa = PBXBuildFile; fileRef = CE7519771BB00CB5000A2879 /* SettingsTVC+Sort.swift */; };
		CE75197A1BB00CFE000A2879 /* SettingsTVC+Snooze.swift in Sources */ = {isa = PBXBuildFile; fileRef = CE7519791BB00CFE000A2879 /* SettingsTVC+Snooze.swift */; };
		CE936E631C6C36400093BECF /* MainTVC+UIViewControllerPreviewing.swift in Sources */ = {isa = PBXBuildFile; fileRef = CE936E621C6C36400093BECF /* MainTVC+UIViewControllerPreviewing.swift */; };
		CE936E651C6C42770093BECF /* MedicineDetailsTVC+UIViewControllerPreviewing.swift in Sources */ = {isa = PBXBuildFile; fileRef = CE936E641C6C42770093BECF /* MedicineDetailsTVC+UIViewControllerPreviewing.swift */; };
		CE94A5B61BE8B13B008E58DF /* SettingsTVC+Refill.swift in Sources */ = {isa = PBXBuildFile; fileRef = CE94A5B51BE8B13B008E58DF /* SettingsTVC+Refill.swift */; };
		CEA250E91B90396C00BBE466 /* AppDelegate.swift in Sources */ = {isa = PBXBuildFile; fileRef = CEA250E81B90396C00BBE466 /* AppDelegate.swift */; };
		CEA250EE1B90396C00BBE466 /* Main.storyboard in Resources */ = {isa = PBXBuildFile; fileRef = CEA250EC1B90396C00BBE466 /* Main.storyboard */; };
		CEA250F31B90396C00BBE466 /* Assets.xcassets in Resources */ = {isa = PBXBuildFile; fileRef = CEA250F21B90396C00BBE466 /* Assets.xcassets */; };
		CEA250F61B90396C00BBE466 /* LaunchScreen.storyboard in Resources */ = {isa = PBXBuildFile; fileRef = CEA250F41B90396C00BBE466 /* LaunchScreen.storyboard */; };
		CEA250FF1B903BC200BBE466 /* AddMedicationTVC.swift in Sources */ = {isa = PBXBuildFile; fileRef = CEA250FE1B903BC200BBE466 /* AddMedicationTVC.swift */; };
		CEA2510C1B903E7D00BBE466 /* Medicine.xcdatamodeld in Sources */ = {isa = PBXBuildFile; fileRef = CEA2510A1B903E7D00BBE466 /* Medicine.xcdatamodeld */; };
		CEA5DFC21C1190F100B9BC99 /* MedicineDetails.storyboard in Resources */ = {isa = PBXBuildFile; fileRef = CEA5DFC01C1190F100B9BC99 /* MedicineDetails.storyboard */; };
		CEB36F3F1BE6D02000BCBD87 /* MedicineCell.swift in Sources */ = {isa = PBXBuildFile; fileRef = CEB36F3E1BE6D02000BCBD87 /* MedicineCell.swift */; };
		CECD22B41BE94FDB007C5F25 /* AddRefill.storyboard in Resources */ = {isa = PBXBuildFile; fileRef = CECD22B21BE94FDB007C5F25 /* AddRefill.storyboard */; };
		CECD22B61BE95088007C5F25 /* AddRefillTVC.swift in Sources */ = {isa = PBXBuildFile; fileRef = CECD22B51BE95088007C5F25 /* AddRefillTVC.swift */; };
		CECDC9511F477791007D4BB4 /* CoreDataStack.swift in Sources */ = {isa = PBXBuildFile; fileRef = CECDC94F1F477791007D4BB4 /* CoreDataStack.swift */; };
		CECDC9521F477791007D4BB4 /* CoreDataTableViewController.swift in Sources */ = {isa = PBXBuildFile; fileRef = CECDC9501F477791007D4BB4 /* CoreDataTableViewController.swift */; };
		CED345282330E6A0000AC45E /* Medicine.xcdatamodeld in Sources */ = {isa = PBXBuildFile; fileRef = CEA2510A1B903E7D00BBE466 /* Medicine.xcdatamodeld */; };
		CED345292330E6A5000AC45E /* migrationV22toV25.xcmappingmodel in Sources */ = {isa = PBXBuildFile; fileRef = CE3AB2FD1C66CCDE0036AC30 /* migrationV22toV25.xcmappingmodel */; };
		CED3452A2330E6AA000AC45E /* CoreDataStack.swift in Sources */ = {isa = PBXBuildFile; fileRef = CECDC94F1F477791007D4BB4 /* CoreDataStack.swift */; };
		CED3452B2330E6AA000AC45E /* CoreDataTableViewController.swift in Sources */ = {isa = PBXBuildFile; fileRef = CECDC9501F477791007D4BB4 /* CoreDataTableViewController.swift */; };
		CED3452C2330E6AA000AC45E /* Medicine+CoreDataProperties.swift in Sources */ = {isa = PBXBuildFile; fileRef = CE6E55191B9040C900805397 /* Medicine+CoreDataProperties.swift */; };
		CED3452D2330E6AA000AC45E /* Medicine.swift in Sources */ = {isa = PBXBuildFile; fileRef = CE6E551A1B9040C900805397 /* Medicine.swift */; };
		CED3452E2330E6AA000AC45E /* Dose+CoreDataProperties.swift in Sources */ = {isa = PBXBuildFile; fileRef = CE6E551B1B9040C900805397 /* Dose+CoreDataProperties.swift */; };
		CED3452F2330E6AA000AC45E /* Dose.swift in Sources */ = {isa = PBXBuildFile; fileRef = CE6E551C1B9040C900805397 /* Dose.swift */; };
		CED345302330E6AA000AC45E /* Refill+CoreDataProperties.swift in Sources */ = {isa = PBXBuildFile; fileRef = CE30D1541B9856D1007805DB /* Refill+CoreDataProperties.swift */; };
		CED345312330E6AA000AC45E /* Refill.swift in Sources */ = {isa = PBXBuildFile; fileRef = CE30D1551B9856D1007805DB /* Refill.swift */; };
		CED345322330F883000AC45E /* Assets.xcassets in Resources */ = {isa = PBXBuildFile; fileRef = CEA250F21B90396C00BBE466 /* Assets.xcassets */; };
		CEE849811C13932600880484 /* MedicineDetailsTVC.swift in Sources */ = {isa = PBXBuildFile; fileRef = CEE849801C13932600880484 /* MedicineDetailsTVC.swift */; };
		CEE935891F5B5E5E00EE8B77 /* MedicineCell+CellFrame.swift in Sources */ = {isa = PBXBuildFile; fileRef = CEE935881F5B5E5E00EE8B77 /* MedicineCell+CellFrame.swift */; };
		CEEB07901C5EA9FA00EEF86C /* Settings.storyboard in Resources */ = {isa = PBXBuildFile; fileRef = CEEB078E1C5EA9FA00EEF86C /* Settings.storyboard */; };
		CEEE50DE1C5B4CF3008985A1 /* DetailEmptyView.xib in Resources */ = {isa = PBXBuildFile; fileRef = CEEE50DD1C5B4CF3008985A1 /* DetailEmptyView.xib */; };
		CEF5483C1B9CEA7100C344B4 /* StoreKit.framework in Frameworks */ = {isa = PBXBuildFile; fileRef = CEF5483B1B9CEA7100C344B4 /* StoreKit.framework */; };
		CEF80ECE1F712ADD007DF33D /* FirstLaunch+Notifications.swift in Sources */ = {isa = PBXBuildFile; fileRef = CEF80ECD1F712ADD007DF33D /* FirstLaunch+Notifications.swift */; };
		CEF80ED01F716718007DF33D /* StatusBaryStyle+Extension.swift in Sources */ = {isa = PBXBuildFile; fileRef = CEF80ECF1F716718007DF33D /* StatusBaryStyle+Extension.swift */; };
/* End PBXBuildFile section */

/* Begin PBXContainerItemProxy section */
		CE2F6B201BBD5BA800707951 /* PBXContainerItemProxy */ = {
			isa = PBXContainerItemProxy;
			containerPortal = CEA250DD1B90396C00BBE466 /* Project object */;
			proxyType = 1;
			remoteGlobalIDString = CE2F6B151BBD5BA800707951;
			remoteInfo = MedicineTodayExtension;
		};
/* End PBXContainerItemProxy section */

/* Begin PBXCopyFilesBuildPhase section */
		CE2F6B261BBD5BA800707951 /* Embed App Extensions */ = {
			isa = PBXCopyFilesBuildPhase;
			buildActionMask = 2147483647;
			dstPath = "";
			dstSubfolderSpec = 13;
			files = (
				CE2F6B221BBD5BA800707951 /* MedicineTodayExtension.appex in Embed App Extensions */,
			);
			name = "Embed App Extensions";
			runOnlyForDeploymentPostprocessing = 0;
		};
/* End PBXCopyFilesBuildPhase section */

/* Begin PBXFileReference section */
		CE08C2A4232DC1D600B344BD /* UIColor+Extension.swift */ = {isa = PBXFileReference; fileEncoding = 4; lastKnownFileType = sourcecode.swift; path = "UIColor+Extension.swift"; sourceTree = "<group>"; };
		CE0EA17E1BAFDAED00F48A09 /* Base */ = {isa = PBXFileReference; lastKnownFileType = file.storyboard; name = Base; path = Medicine/Base.lproj/AddDose.storyboard; sourceTree = "<group>"; };
		CE0EA1801BAFDAED00F48A09 /* Base */ = {isa = PBXFileReference; lastKnownFileType = file.storyboard; name = Base; path = Medicine/Base.lproj/AddMedication.storyboard; sourceTree = "<group>"; };
		CE0EA1821BAFDAED00F48A09 /* Base */ = {isa = PBXFileReference; lastKnownFileType = file.xib; name = Base; path = Medicine/Base.lproj/MainEmptyView.xib; sourceTree = "<group>"; };
		CE0EA1841BAFDAED00F48A09 /* Base */ = {isa = PBXFileReference; lastKnownFileType = file.storyboard; name = Base; path = Medicine/Base.lproj/FirstLaunch.storyboard; sourceTree = "<group>"; };
		CE0EA1861BAFDAED00F48A09 /* Base */ = {isa = PBXFileReference; lastKnownFileType = file.storyboard; name = Base; path = Medicine/Base.lproj/Upgrade.storyboard; sourceTree = "<group>"; };
		CE0EA1941BAFE28200F48A09 /* HistoryTVC.swift */ = {isa = PBXFileReference; fileEncoding = 4; lastKnownFileType = sourcecode.swift; name = HistoryTVC.swift; path = History/HistoryTVC.swift; sourceTree = "<group>"; };
		CE0EA1961BAFE2B800F48A09 /* MedicineDoseHistoryTVC.swift */ = {isa = PBXFileReference; fileEncoding = 4; lastKnownFileType = sourcecode.swift; name = MedicineDoseHistoryTVC.swift; path = Details/MedicineDoseHistoryTVC.swift; sourceTree = "<group>"; };
		CE0EA1981BAFF49100F48A09 /* MainTBC.swift */ = {isa = PBXFileReference; fileEncoding = 4; lastKnownFileType = sourcecode.swift; name = MainTBC.swift; path = Main/MainTBC.swift; sourceTree = "<group>"; };
		CE0EA19C1BAFFDA200F48A09 /* AddDoseTVC+Medicine.swift */ = {isa = PBXFileReference; fileEncoding = 4; lastKnownFileType = sourcecode.swift; name = "AddDoseTVC+Medicine.swift"; path = "Add/AddDoseTVC+Medicine.swift"; sourceTree = "<group>"; };
		CE1A39EE1C58B420004480A4 /* Medicine - 2.6.xcdatamodel */ = {isa = PBXFileReference; lastKnownFileType = wrapper.xcdatamodel; path = "Medicine - 2.6.xcdatamodel"; sourceTree = "<group>"; };
		CE1A39F41C58C487004480A4 /* Medicine - 3.xcdatamodel */ = {isa = PBXFileReference; lastKnownFileType = wrapper.xcdatamodel; path = "Medicine - 3.xcdatamodel"; sourceTree = "<group>"; };
		CE2325831BB1693C0013B72D /* Base */ = {isa = PBXFileReference; lastKnownFileType = file.xib; name = Base; path = Base.lproj/HistoryEmptyView.xib; sourceTree = "<group>"; };
		CE247B8E1B96618100E4EB5F /* AddMedicationTVC+Dosage.swift */ = {isa = PBXFileReference; fileEncoding = 4; lastKnownFileType = sourcecode.swift; name = "AddMedicationTVC+Dosage.swift"; path = "Add/AddMedicationTVC+Dosage.swift"; sourceTree = "<group>"; };
		CE247B901B96619B00E4EB5F /* AddMedicationTVC+Interval.swift */ = {isa = PBXFileReference; fileEncoding = 4; lastKnownFileType = sourcecode.swift; name = "AddMedicationTVC+Interval.swift"; path = "Add/AddMedicationTVC+Interval.swift"; sourceTree = "<group>"; };
		CE2725C21C26B425001CA73A /* MainVC.swift */ = {isa = PBXFileReference; fileEncoding = 4; lastKnownFileType = sourcecode.swift; name = MainVC.swift; path = Main/MainVC.swift; sourceTree = "<group>"; };
		CE27589E1F597C470027F596 /* HistoryCell.swift */ = {isa = PBXFileReference; lastKnownFileType = sourcecode.swift; name = HistoryCell.swift; path = History/HistoryCell.swift; sourceTree = "<group>"; };
		CE2F6B161BBD5BA800707951 /* MedicineTodayExtension.appex */ = {isa = PBXFileReference; explicitFileType = "wrapper.app-extension"; includeInIndex = 0; path = MedicineTodayExtension.appex; sourceTree = BUILT_PRODUCTS_DIR; };
		CE2F6B171BBD5BA800707951 /* NotificationCenter.framework */ = {isa = PBXFileReference; lastKnownFileType = wrapper.framework; name = NotificationCenter.framework; path = System/Library/Frameworks/NotificationCenter.framework; sourceTree = SDKROOT; };
		CE2F6B1A1BBD5BA800707951 /* TodayViewController.swift */ = {isa = PBXFileReference; lastKnownFileType = sourcecode.swift; path = TodayViewController.swift; sourceTree = "<group>"; };
		CE2F6B1D1BBD5BA800707951 /* Base */ = {isa = PBXFileReference; lastKnownFileType = file.storyboard; name = Base; path = Base.lproj/MainInterface.storyboard; sourceTree = "<group>"; };
		CE2F6B1F1BBD5BA800707951 /* Info.plist */ = {isa = PBXFileReference; lastKnownFileType = text.plist.xml; path = Info.plist; sourceTree = "<group>"; };
		CE2F6B2D1BBD63F500707951 /* MedicineTodayExtension.entitlements */ = {isa = PBXFileReference; lastKnownFileType = text.xml; path = MedicineTodayExtension.entitlements; sourceTree = "<group>"; };
		CE30D1541B9856D1007805DB /* Refill+CoreDataProperties.swift */ = {isa = PBXFileReference; fileEncoding = 4; lastKnownFileType = sourcecode.swift; name = "Refill+CoreDataProperties.swift"; path = "Medicine/Models/Refill+CoreDataProperties.swift"; sourceTree = "<group>"; };
		CE30D1551B9856D1007805DB /* Refill.swift */ = {isa = PBXFileReference; fileEncoding = 4; lastKnownFileType = sourcecode.swift; name = Refill.swift; path = Medicine/Models/Refill.swift; sourceTree = "<group>"; };
		CE38AF221B950517000D00AD /* AddDoseTVC.swift */ = {isa = PBXFileReference; fileEncoding = 4; lastKnownFileType = sourcecode.swift; name = AddDoseTVC.swift; path = Add/AddDoseTVC.swift; sourceTree = "<group>"; };
		CE3A42531C13A27C0035E390 /* MedicineRefillHistoryTVC.swift */ = {isa = PBXFileReference; fileEncoding = 4; lastKnownFileType = sourcecode.swift; name = MedicineRefillHistoryTVC.swift; path = Details/MedicineRefillHistoryTVC.swift; sourceTree = "<group>"; };
		CE3AB2FD1C66CCDE0036AC30 /* migrationV22toV25.xcmappingmodel */ = {isa = PBXFileReference; lastKnownFileType = wrapper.xcmappingmodel; path = migrationV22toV25.xcmappingmodel; sourceTree = "<group>"; };
		CE444BE61F70A2BB00AC37E8 /* NewFeatures.storyboard */ = {isa = PBXFileReference; lastKnownFileType = file.storyboard; path = NewFeatures.storyboard; sourceTree = "<group>"; };
		CE444BE81F70C6D500AC37E8 /* NewFeatures.swift */ = {isa = PBXFileReference; fileEncoding = 4; lastKnownFileType = sourcecode.swift; name = NewFeatures.swift; path = Onboarding/NewFeatures.swift; sourceTree = "<group>"; };
		CE444BE91F70C6D500AC37E8 /* FirstLaunch.swift */ = {isa = PBXFileReference; fileEncoding = 4; lastKnownFileType = sourcecode.swift; name = FirstLaunch.swift; path = Onboarding/FirstLaunch.swift; sourceTree = "<group>"; };
		CE47425C1BFF1BA900B87403 /* Medicine - 2.5.xcdatamodel */ = {isa = PBXFileReference; lastKnownFileType = wrapper.xcdatamodel; path = "Medicine - 2.5.xcdatamodel"; sourceTree = "<group>"; };
		CE48157B1B971A5700F1FA0C /* Medicine - 2.xcdatamodel */ = {isa = PBXFileReference; lastKnownFileType = wrapper.xcdatamodel; path = "Medicine - 2.xcdatamodel"; sourceTree = "<group>"; };
		CE587A151BA9244400821D18 /* Medicine - 2. 2.xcdatamodel */ = {isa = PBXFileReference; lastKnownFileType = wrapper.xcdatamodel; path = "Medicine - 2. 2.xcdatamodel"; sourceTree = "<group>"; };
		CE6325C91BA1661C00BAD562 /* UpgradeVC.swift */ = {isa = PBXFileReference; fileEncoding = 4; lastKnownFileType = sourcecode.swift; name = UpgradeVC.swift; path = Main/UpgradeVC.swift; sourceTree = "<group>"; };
		CE69135D1F5CDC5A007EC59C /* Date+Extension.swift */ = {isa = PBXFileReference; lastKnownFileType = sourcecode.swift; path = "Date+Extension.swift"; sourceTree = "<group>"; };
		CE6E55191B9040C900805397 /* Medicine+CoreDataProperties.swift */ = {isa = PBXFileReference; fileEncoding = 4; lastKnownFileType = sourcecode.swift; name = "Medicine+CoreDataProperties.swift"; path = "Medicine/Models/Medicine+CoreDataProperties.swift"; sourceTree = "<group>"; };
		CE6E551A1B9040C900805397 /* Medicine.swift */ = {isa = PBXFileReference; fileEncoding = 4; lastKnownFileType = sourcecode.swift; name = Medicine.swift; path = Medicine/Models/Medicine.swift; sourceTree = "<group>"; };
		CE6E551B1B9040C900805397 /* Dose+CoreDataProperties.swift */ = {isa = PBXFileReference; fileEncoding = 4; lastKnownFileType = sourcecode.swift; name = "Dose+CoreDataProperties.swift"; path = "Medicine/Models/Dose+CoreDataProperties.swift"; sourceTree = "<group>"; };
		CE6E551C1B9040C900805397 /* Dose.swift */ = {isa = PBXFileReference; fileEncoding = 4; lastKnownFileType = sourcecode.swift; name = Dose.swift; path = Medicine/Models/Dose.swift; sourceTree = "<group>"; };
		CE7519751BB00CA9000A2879 /* SettingsTVC.swift */ = {isa = PBXFileReference; fileEncoding = 4; lastKnownFileType = sourcecode.swift; name = SettingsTVC.swift; path = Settings/SettingsTVC.swift; sourceTree = "<group>"; };
		CE7519771BB00CB5000A2879 /* SettingsTVC+Sort.swift */ = {isa = PBXFileReference; fileEncoding = 4; lastKnownFileType = sourcecode.swift; name = "SettingsTVC+Sort.swift"; path = "Settings/SettingsTVC+Sort.swift"; sourceTree = "<group>"; };
		CE7519791BB00CFE000A2879 /* SettingsTVC+Snooze.swift */ = {isa = PBXFileReference; fileEncoding = 4; lastKnownFileType = sourcecode.swift; name = "SettingsTVC+Snooze.swift"; path = "Settings/SettingsTVC+Snooze.swift"; sourceTree = "<group>"; };
		CE7A8E7F1BB89CD1001727B9 /* Medicine - 2.3.xcdatamodel */ = {isa = PBXFileReference; lastKnownFileType = wrapper.xcdatamodel; path = "Medicine - 2.3.xcdatamodel"; sourceTree = "<group>"; };
		CE8064241F483ED000B7A1AD /* Medicine - 3.1.xcdatamodel */ = {isa = PBXFileReference; lastKnownFileType = wrapper.xcdatamodel; path = "Medicine - 3.1.xcdatamodel"; sourceTree = "<group>"; };
		CE936E621C6C36400093BECF /* MainTVC+UIViewControllerPreviewing.swift */ = {isa = PBXFileReference; fileEncoding = 4; lastKnownFileType = sourcecode.swift; path = "MainTVC+UIViewControllerPreviewing.swift"; sourceTree = "<group>"; };
		CE936E641C6C42770093BECF /* MedicineDetailsTVC+UIViewControllerPreviewing.swift */ = {isa = PBXFileReference; fileEncoding = 4; lastKnownFileType = sourcecode.swift; name = "MedicineDetailsTVC+UIViewControllerPreviewing.swift"; path = "Details/MedicineDetailsTVC+UIViewControllerPreviewing.swift"; sourceTree = "<group>"; };
		CE94A5B51BE8B13B008E58DF /* SettingsTVC+Refill.swift */ = {isa = PBXFileReference; fileEncoding = 4; lastKnownFileType = sourcecode.swift; name = "SettingsTVC+Refill.swift"; path = "Settings/SettingsTVC+Refill.swift"; sourceTree = "<group>"; };
		CEA250E51B90396C00BBE466 /* Medicine.app */ = {isa = PBXFileReference; explicitFileType = wrapper.application; includeInIndex = 0; path = Medicine.app; sourceTree = BUILT_PRODUCTS_DIR; };
		CEA250E81B90396C00BBE466 /* AppDelegate.swift */ = {isa = PBXFileReference; lastKnownFileType = sourcecode.swift; path = AppDelegate.swift; sourceTree = "<group>"; };
		CEA250ED1B90396C00BBE466 /* Base */ = {isa = PBXFileReference; lastKnownFileType = file.storyboard; name = Base; path = Base.lproj/Main.storyboard; sourceTree = "<group>"; };
		CEA250F21B90396C00BBE466 /* Assets.xcassets */ = {isa = PBXFileReference; lastKnownFileType = folder.assetcatalog; path = Assets.xcassets; sourceTree = "<group>"; };
		CEA250F51B90396C00BBE466 /* Base */ = {isa = PBXFileReference; lastKnownFileType = file.storyboard; name = Base; path = Base.lproj/LaunchScreen.storyboard; sourceTree = "<group>"; };
		CEA250F71B90396C00BBE466 /* Info.plist */ = {isa = PBXFileReference; lastKnownFileType = text.plist.xml; path = Info.plist; sourceTree = "<group>"; };
		CEA250FE1B903BC200BBE466 /* AddMedicationTVC.swift */ = {isa = PBXFileReference; fileEncoding = 4; lastKnownFileType = sourcecode.swift; name = AddMedicationTVC.swift; path = Add/AddMedicationTVC.swift; sourceTree = "<group>"; };
		CEA2510B1B903E7D00BBE466 /* Medicine.xcdatamodel */ = {isa = PBXFileReference; lastKnownFileType = wrapper.xcdatamodel; path = Medicine.xcdatamodel; sourceTree = "<group>"; };
		CEA5DFC11C1190F100B9BC99 /* Base */ = {isa = PBXFileReference; lastKnownFileType = file.storyboard; name = Base; path = Base.lproj/MedicineDetails.storyboard; sourceTree = "<group>"; };
		CEA9CA0D1BA87317001395BF /* Medicine - 2.1.xcdatamodel */ = {isa = PBXFileReference; lastKnownFileType = wrapper.xcdatamodel; path = "Medicine - 2.1.xcdatamodel"; sourceTree = "<group>"; };
		CEB36F3E1BE6D02000BCBD87 /* MedicineCell.swift */ = {isa = PBXFileReference; fileEncoding = 4; lastKnownFileType = sourcecode.swift; name = MedicineCell.swift; path = Main/MedicineCell.swift; sourceTree = "<group>"; };
		CECD22B31BE94FDB007C5F25 /* Base */ = {isa = PBXFileReference; lastKnownFileType = file.storyboard; name = Base; path = Base.lproj/AddRefill.storyboard; sourceTree = "<group>"; };
		CECD22B51BE95088007C5F25 /* AddRefillTVC.swift */ = {isa = PBXFileReference; fileEncoding = 4; lastKnownFileType = sourcecode.swift; name = AddRefillTVC.swift; path = Add/AddRefillTVC.swift; sourceTree = "<group>"; };
		CECDC94F1F477791007D4BB4 /* CoreDataStack.swift */ = {isa = PBXFileReference; lastKnownFileType = sourcecode.swift; name = CoreDataStack.swift; path = Medicine/Models/CoreDataStack.swift; sourceTree = "<group>"; };
		CECDC9501F477791007D4BB4 /* CoreDataTableViewController.swift */ = {isa = PBXFileReference; lastKnownFileType = sourcecode.swift; name = CoreDataTableViewController.swift; path = Medicine/Models/CoreDataTableViewController.swift; sourceTree = "<group>"; };
		CEE18F341BEEC5CF00222D92 /* Medicine - 2.4.xcdatamodel */ = {isa = PBXFileReference; lastKnownFileType = wrapper.xcdatamodel; path = "Medicine - 2.4.xcdatamodel"; sourceTree = "<group>"; };
		CEE849801C13932600880484 /* MedicineDetailsTVC.swift */ = {isa = PBXFileReference; fileEncoding = 4; lastKnownFileType = sourcecode.swift; name = MedicineDetailsTVC.swift; path = Details/MedicineDetailsTVC.swift; sourceTree = "<group>"; };
		CEE935881F5B5E5E00EE8B77 /* MedicineCell+CellFrame.swift */ = {isa = PBXFileReference; lastKnownFileType = sourcecode.swift; name = "MedicineCell+CellFrame.swift"; path = "Main/MedicineCell+CellFrame.swift"; sourceTree = "<group>"; };
		CEEB078F1C5EA9FA00EEF86C /* Base */ = {isa = PBXFileReference; lastKnownFileType = file.storyboard; name = Base; path = Base.lproj/Settings.storyboard; sourceTree = "<group>"; };
		CEEE50DD1C5B4CF3008985A1 /* DetailEmptyView.xib */ = {isa = PBXFileReference; fileEncoding = 4; lastKnownFileType = file.xib; name = DetailEmptyView.xib; path = Details/DetailEmptyView.xib; sourceTree = "<group>"; };
		CEF5483B1B9CEA7100C344B4 /* StoreKit.framework */ = {isa = PBXFileReference; lastKnownFileType = wrapper.framework; name = StoreKit.framework; path = System/Library/Frameworks/StoreKit.framework; sourceTree = SDKROOT; };
		CEF5483E1B9CEA8200C344B4 /* Medicine.entitlements */ = {isa = PBXFileReference; lastKnownFileType = text.xml; name = Medicine.entitlements; path = Medicine/Medicine.entitlements; sourceTree = "<group>"; };
		CEF80ECD1F712ADD007DF33D /* FirstLaunch+Notifications.swift */ = {isa = PBXFileReference; lastKnownFileType = sourcecode.swift; name = "FirstLaunch+Notifications.swift"; path = "Onboarding/FirstLaunch+Notifications.swift"; sourceTree = "<group>"; };
		CEF80ECF1F716718007DF33D /* StatusBaryStyle+Extension.swift */ = {isa = PBXFileReference; lastKnownFileType = sourcecode.swift; path = "StatusBaryStyle+Extension.swift"; sourceTree = "<group>"; };
/* End PBXFileReference section */

/* Begin PBXFrameworksBuildPhase section */
		CE2F6B131BBD5BA800707951 /* Frameworks */ = {
			isa = PBXFrameworksBuildPhase;
			buildActionMask = 2147483647;
			files = (
				CE2F6B181BBD5BA800707951 /* NotificationCenter.framework in Frameworks */,
			);
			runOnlyForDeploymentPostprocessing = 0;
		};
		CEA250E21B90396C00BBE466 /* Frameworks */ = {
			isa = PBXFrameworksBuildPhase;
			buildActionMask = 2147483647;
			files = (
				CEF5483C1B9CEA7100C344B4 /* StoreKit.framework in Frameworks */,
			);
			runOnlyForDeploymentPostprocessing = 0;
		};
/* End PBXFrameworksBuildPhase section */

/* Begin PBXGroup section */
		CE0EA1921BAFDB6A00F48A09 /* Settings */ = {
			isa = PBXGroup;
			children = (
				CEEB078E1C5EA9FA00EEF86C /* Settings.storyboard */,
				CE7519751BB00CA9000A2879 /* SettingsTVC.swift */,
				CE7519771BB00CB5000A2879 /* SettingsTVC+Sort.swift */,
				CE7519791BB00CFE000A2879 /* SettingsTVC+Snooze.swift */,
				CE94A5B51BE8B13B008E58DF /* SettingsTVC+Refill.swift */,
			);
			name = Settings;
			sourceTree = "<group>";
		};
		CE1ADB911BA9EC4D0052F637 /* Upgrade */ = {
			isa = PBXGroup;
			children = (
				CE0EA1851BAFDAED00F48A09 /* Upgrade.storyboard */,
				CE6325C91BA1661C00BAD562 /* UpgradeVC.swift */,
			);
			name = Upgrade;
			sourceTree = "<group>";
		};
		CE2F6B191BBD5BA800707951 /* MedicineTodayExtension */ = {
			isa = PBXGroup;
			children = (
				CE2F6B2D1BBD63F500707951 /* MedicineTodayExtension.entitlements */,
				CE2F6B1C1BBD5BA800707951 /* MainInterface.storyboard */,
				CE2F6B1A1BBD5BA800707951 /* TodayViewController.swift */,
				CE2F6B1F1BBD5BA800707951 /* Info.plist */,
			);
			path = MedicineTodayExtension;
			sourceTree = "<group>";
		};
		CE6913601F5CDC69007EC59C /* Extensions */ = {
			isa = PBXGroup;
			children = (
				CE08C2A4232DC1D600B344BD /* UIColor+Extension.swift */,
				CE69135D1F5CDC5A007EC59C /* Date+Extension.swift */,
				CEF80ECF1F716718007DF33D /* StatusBaryStyle+Extension.swift */,
			);
			path = Extensions;
			sourceTree = "<group>";
		};
		CE6E55211B9040E700805397 /* Models */ = {
			isa = PBXGroup;
			children = (
				CEA2510A1B903E7D00BBE466 /* Medicine.xcdatamodeld */,
				CECDC9531F4777A5007D4BB4 /* Migrations */,
				CECDC94F1F477791007D4BB4 /* CoreDataStack.swift */,
				CECDC9501F477791007D4BB4 /* CoreDataTableViewController.swift */,
				CE6E55191B9040C900805397 /* Medicine+CoreDataProperties.swift */,
				CE6E551A1B9040C900805397 /* Medicine.swift */,
				CE6E551B1B9040C900805397 /* Dose+CoreDataProperties.swift */,
				CE6E551C1B9040C900805397 /* Dose.swift */,
				CE30D1541B9856D1007805DB /* Refill+CoreDataProperties.swift */,
				CE30D1551B9856D1007805DB /* Refill.swift */,
			);
			name = Models;
			path = ..;
			sourceTree = "<group>";
		};
		CEA250DC1B90396C00BBE466 = {
			isa = PBXGroup;
			children = (
				CEA250E71B90396C00BBE466 /* Medicine */,
				CE2F6B191BBD5BA800707951 /* MedicineTodayExtension */,
				CEF5483D1B9CEA7A00C344B4 /* Frameworks */,
				CEA250E61B90396C00BBE466 /* Products */,
			);
			sourceTree = "<group>";
		};
		CEA250E61B90396C00BBE466 /* Products */ = {
			isa = PBXGroup;
			children = (
				CEA250E51B90396C00BBE466 /* Medicine.app */,
				CE2F6B161BBD5BA800707951 /* MedicineTodayExtension.appex */,
			);
			name = Products;
			sourceTree = "<group>";
		};
		CEA250E71B90396C00BBE466 /* Medicine */ = {
			isa = PBXGroup;
			children = (
				CEA250E81B90396C00BBE466 /* AppDelegate.swift */,
				CE6E55211B9040E700805397 /* Models */,
				CE6913601F5CDC69007EC59C /* Extensions */,
				CEE7FC651BA944710036DFA5 /* Onboarding */,
				CEA251031B903BE900BBE466 /* Main */,
				CECD22B11BE94127007C5F25 /* Details */,
				CEA251001B903BC900BBE466 /* Add */,
				CE0EA1921BAFDB6A00F48A09 /* Settings */,
				CE1ADB911BA9EC4D0052F637 /* Upgrade */,
				CEA250FD1B9039E600BBE466 /* Other */,
			);
			path = Medicine;
			sourceTree = "<group>";
		};
		CEA250FD1B9039E600BBE466 /* Other */ = {
			isa = PBXGroup;
			children = (
				CEA250F71B90396C00BBE466 /* Info.plist */,
				CEA250F41B90396C00BBE466 /* LaunchScreen.storyboard */,
				CEA250F21B90396C00BBE466 /* Assets.xcassets */,
			);
			name = Other;
			sourceTree = "<group>";
		};
		CEA251001B903BC900BBE466 /* Add */ = {
			isa = PBXGroup;
			children = (
				CE0EA17F1BAFDAED00F48A09 /* AddMedication.storyboard */,
				CEA250FE1B903BC200BBE466 /* AddMedicationTVC.swift */,
				CE247B8E1B96618100E4EB5F /* AddMedicationTVC+Dosage.swift */,
				CE247B901B96619B00E4EB5F /* AddMedicationTVC+Interval.swift */,
				CE0EA17D1BAFDAED00F48A09 /* AddDose.storyboard */,
				CE38AF221B950517000D00AD /* AddDoseTVC.swift */,
				CE0EA19C1BAFFDA200F48A09 /* AddDoseTVC+Medicine.swift */,
				CECD22B21BE94FDB007C5F25 /* AddRefill.storyboard */,
				CECD22B51BE95088007C5F25 /* AddRefillTVC.swift */,
			);
			name = Add;
			sourceTree = "<group>";
		};
		CEA251031B903BE900BBE466 /* Main */ = {
			isa = PBXGroup;
			children = (
				CEA250EC1B90396C00BBE466 /* Main.storyboard */,
				CE0EA1981BAFF49100F48A09 /* MainTBC.swift */,
				CE2725C21C26B425001CA73A /* MainVC.swift */,
				CE936E621C6C36400093BECF /* MainTVC+UIViewControllerPreviewing.swift */,
				CEB36F3E1BE6D02000BCBD87 /* MedicineCell.swift */,
				CEE935881F5B5E5E00EE8B77 /* MedicineCell+CellFrame.swift */,
				CE0EA1941BAFE28200F48A09 /* HistoryTVC.swift */,
				CE27589E1F597C470027F596 /* HistoryCell.swift */,
				CE0EA1811BAFDAED00F48A09 /* MainEmptyView.xib */,
				CE2325821BB1693C0013B72D /* HistoryEmptyView.xib */,
			);
			name = Main;
			sourceTree = "<group>";
		};
		CECD22B11BE94127007C5F25 /* Details */ = {
			isa = PBXGroup;
			children = (
				CEA5DFC01C1190F100B9BC99 /* MedicineDetails.storyboard */,
				CEEE50DD1C5B4CF3008985A1 /* DetailEmptyView.xib */,
				CEE849801C13932600880484 /* MedicineDetailsTVC.swift */,
				CE936E641C6C42770093BECF /* MedicineDetailsTVC+UIViewControllerPreviewing.swift */,
				CE0EA1961BAFE2B800F48A09 /* MedicineDoseHistoryTVC.swift */,
				CE3A42531C13A27C0035E390 /* MedicineRefillHistoryTVC.swift */,
			);
			name = Details;
			sourceTree = "<group>";
		};
		CECDC9531F4777A5007D4BB4 /* Migrations */ = {
			isa = PBXGroup;
			children = (
				CE3AB2FD1C66CCDE0036AC30 /* migrationV22toV25.xcmappingmodel */,
			);
			path = Migrations;
			sourceTree = "<group>";
		};
		CEE7FC651BA944710036DFA5 /* Onboarding */ = {
			isa = PBXGroup;
			children = (
				CE0EA1831BAFDAED00F48A09 /* FirstLaunch.storyboard */,
				CE444BE91F70C6D500AC37E8 /* FirstLaunch.swift */,
				CEF80ECD1F712ADD007DF33D /* FirstLaunch+Notifications.swift */,
				CE444BE61F70A2BB00AC37E8 /* NewFeatures.storyboard */,
				CE444BE81F70C6D500AC37E8 /* NewFeatures.swift */,
			);
			name = Onboarding;
			sourceTree = "<group>";
		};
		CEF5483D1B9CEA7A00C344B4 /* Frameworks */ = {
			isa = PBXGroup;
			children = (
				CEF5483E1B9CEA8200C344B4 /* Medicine.entitlements */,
				CEF5483B1B9CEA7100C344B4 /* StoreKit.framework */,
				CE2F6B171BBD5BA800707951 /* NotificationCenter.framework */,
			);
			name = Frameworks;
			sourceTree = "<group>";
		};
/* End PBXGroup section */

/* Begin PBXNativeTarget section */
		CE2F6B151BBD5BA800707951 /* MedicineTodayExtension */ = {
			isa = PBXNativeTarget;
			buildConfigurationList = CE2F6B231BBD5BA800707951 /* Build configuration list for PBXNativeTarget "MedicineTodayExtension" */;
			buildPhases = (
				CE2F6B121BBD5BA800707951 /* Sources */,
				CE2F6B131BBD5BA800707951 /* Frameworks */,
				CE2F6B141BBD5BA800707951 /* Resources */,
			);
			buildRules = (
			);
			dependencies = (
			);
			name = MedicineTodayExtension;
			productName = MedicineTodayExtension;
			productReference = CE2F6B161BBD5BA800707951 /* MedicineTodayExtension.appex */;
			productType = "com.apple.product-type.app-extension";
		};
		CEA250E41B90396C00BBE466 /* Medicine */ = {
			isa = PBXNativeTarget;
			buildConfigurationList = CEA250FA1B90396C00BBE466 /* Build configuration list for PBXNativeTarget "Medicine" */;
			buildPhases = (
				CEA250E11B90396C00BBE466 /* Sources */,
				CEA250E21B90396C00BBE466 /* Frameworks */,
				CEA250E31B90396C00BBE466 /* Resources */,
				CE2F6B261BBD5BA800707951 /* Embed App Extensions */,
			);
			buildRules = (
			);
			dependencies = (
				CE2F6B211BBD5BA800707951 /* PBXTargetDependency */,
			);
			name = Medicine;
			productName = Medicine;
			productReference = CEA250E51B90396C00BBE466 /* Medicine.app */;
			productType = "com.apple.product-type.application";
		};
/* End PBXNativeTarget section */

/* Begin PBXProject section */
		CEA250DD1B90396C00BBE466 /* Project object */ = {
			isa = PBXProject;
			attributes = {
				LastSwiftUpdateCheck = 0710;
				LastUpgradeCheck = 1100;
				ORGANIZATIONNAME = "Elliot Barer";
				TargetAttributes = {
					CE2F6B151BBD5BA800707951 = {
						CreatedOnToolsVersion = 7.1;
						DevelopmentTeam = 5ZJB9DN7AQ;
						LastSwiftMigration = 1100;
						SystemCapabilities = {
							com.apple.ApplicationGroups.iOS = {
								enabled = 1;
							};
						};
					};
					CEA250E41B90396C00BBE466 = {
						CreatedOnToolsVersion = 7.0;
						DevelopmentTeam = 5ZJB9DN7AQ;
						LastSwiftMigration = 1100;
						SystemCapabilities = {
							com.apple.ApplicationGroups.iOS = {
								enabled = 1;
							};
							com.apple.BackgroundModes = {
								enabled = 1;
							};
							com.apple.InAppPurchase = {
								enabled = 1;
							};
							com.apple.iCloud = {
								enabled = 0;
							};
						};
					};
				};
			};
			buildConfigurationList = CEA250E01B90396C00BBE466 /* Build configuration list for PBXProject "Medicine" */;
			compatibilityVersion = "Xcode 3.2";
			developmentRegion = en;
			hasScannedForEncodings = 0;
			knownRegions = (
				en,
				Base,
			);
			mainGroup = CEA250DC1B90396C00BBE466;
			productRefGroup = CEA250E61B90396C00BBE466 /* Products */;
			projectDirPath = "";
			projectRoot = "";
			targets = (
				CEA250E41B90396C00BBE466 /* Medicine */,
				CE2F6B151BBD5BA800707951 /* MedicineTodayExtension */,
			);
		};
/* End PBXProject section */

/* Begin PBXResourcesBuildPhase section */
		CE2F6B141BBD5BA800707951 /* Resources */ = {
			isa = PBXResourcesBuildPhase;
			buildActionMask = 2147483647;
			files = (
				CED345322330F883000AC45E /* Assets.xcassets in Resources */,
				CE2F6B1E1BBD5BA800707951 /* MainInterface.storyboard in Resources */,
			);
			runOnlyForDeploymentPostprocessing = 0;
		};
		CEA250E31B90396C00BBE466 /* Resources */ = {
			isa = PBXResourcesBuildPhase;
			buildActionMask = 2147483647;
			files = (
				CECD22B41BE94FDB007C5F25 /* AddRefill.storyboard in Resources */,
				CE444BE71F70A2BB00AC37E8 /* NewFeatures.storyboard in Resources */,
				CEEE50DE1C5B4CF3008985A1 /* DetailEmptyView.xib in Resources */,
				CEA250F31B90396C00BBE466 /* Assets.xcassets in Resources */,
				CE0EA18B1BAFDAED00F48A09 /* Upgrade.storyboard in Resources */,
				CEA250F61B90396C00BBE466 /* LaunchScreen.storyboard in Resources */,
				CEA250EE1B90396C00BBE466 /* Main.storyboard in Resources */,
				CE0EA1871BAFDAED00F48A09 /* AddDose.storyboard in Resources */,
				CE2325841BB1693C0013B72D /* HistoryEmptyView.xib in Resources */,
				CEA5DFC21C1190F100B9BC99 /* MedicineDetails.storyboard in Resources */,
				CE0EA1891BAFDAED00F48A09 /* MainEmptyView.xib in Resources */,
				CE0EA18A1BAFDAED00F48A09 /* FirstLaunch.storyboard in Resources */,
				CEEB07901C5EA9FA00EEF86C /* Settings.storyboard in Resources */,
				CE0EA1881BAFDAED00F48A09 /* AddMedication.storyboard in Resources */,
			);
			runOnlyForDeploymentPostprocessing = 0;
		};
/* End PBXResourcesBuildPhase section */

/* Begin PBXSourcesBuildPhase section */
		CE2F6B121BBD5BA800707951 /* Sources */ = {
			isa = PBXSourcesBuildPhase;
			buildActionMask = 2147483647;
			files = (
				CED3452B2330E6AA000AC45E /* CoreDataTableViewController.swift in Sources */,
				CED345312330E6AA000AC45E /* Refill.swift in Sources */,
				CED3452D2330E6AA000AC45E /* Medicine.swift in Sources */,
				CE08C2A6232DCE2C00B344BD /* UIColor+Extension.swift in Sources */,
				CED345302330E6AA000AC45E /* Refill+CoreDataProperties.swift in Sources */,
				CE2F6B1B1BBD5BA800707951 /* TodayViewController.swift in Sources */,
				CE15F3DB1F5EC6EE00DE24FF /* Date+Extension.swift in Sources */,
				CED3452A2330E6AA000AC45E /* CoreDataStack.swift in Sources */,
				CED3452E2330E6AA000AC45E /* Dose+CoreDataProperties.swift in Sources */,
				CED3452F2330E6AA000AC45E /* Dose.swift in Sources */,
				CED345292330E6A5000AC45E /* migrationV22toV25.xcmappingmodel in Sources */,
				CED345282330E6A0000AC45E /* Medicine.xcdatamodeld in Sources */,
				CED3452C2330E6AA000AC45E /* Medicine+CoreDataProperties.swift in Sources */,
			);
			runOnlyForDeploymentPostprocessing = 0;
		};
		CEA250E11B90396C00BBE466 /* Sources */ = {
			isa = PBXSourcesBuildPhase;
			buildActionMask = 2147483647;
			files = (
				CECDC9511F477791007D4BB4 /* CoreDataStack.swift in Sources */,
				CEA2510C1B903E7D00BBE466 /* Medicine.xcdatamodeld in Sources */,
				CE94A5B61BE8B13B008E58DF /* SettingsTVC+Refill.swift in Sources */,
				CE6E551E1B9040C900805397 /* Medicine.swift in Sources */,
				CEE849811C13932600880484 /* MedicineDetailsTVC.swift in Sources */,
				CE6E551D1B9040C900805397 /* Medicine+CoreDataProperties.swift in Sources */,
				CEF80ED01F716718007DF33D /* StatusBaryStyle+Extension.swift in Sources */,
				CE2725C31C26B425001CA73A /* MainVC.swift in Sources */,
				CE6E55201B9040C900805397 /* Dose.swift in Sources */,
				CE6E551F1B9040C900805397 /* Dose+CoreDataProperties.swift in Sources */,
				CE30D1581B9856D1007805DB /* Refill.swift in Sources */,
				CE30D1571B9856D1007805DB /* Refill+CoreDataProperties.swift in Sources */,
				CE0EA1991BAFF49100F48A09 /* MainTBC.swift in Sources */,
				CEA250E91B90396C00BBE466 /* AppDelegate.swift in Sources */,
				CE0EA19D1BAFFDA200F48A09 /* AddDoseTVC+Medicine.swift in Sources */,
				CEA250FF1B903BC200BBE466 /* AddMedicationTVC.swift in Sources */,
				CE6325CA1BA1661C00BAD562 /* UpgradeVC.swift in Sources */,
				CE444BEA1F70C6D600AC37E8 /* NewFeatures.swift in Sources */,
				CEF80ECE1F712ADD007DF33D /* FirstLaunch+Notifications.swift in Sources */,
				CE75197A1BB00CFE000A2879 /* SettingsTVC+Snooze.swift in Sources */,
				CE69135E1F5CDC5A007EC59C /* Date+Extension.swift in Sources */,
				CE7519781BB00CB5000A2879 /* SettingsTVC+Sort.swift in Sources */,
				CECD22B61BE95088007C5F25 /* AddRefillTVC.swift in Sources */,
				CE936E631C6C36400093BECF /* MainTVC+UIViewControllerPreviewing.swift in Sources */,
				CE3AB2FE1C66CCDE0036AC30 /* migrationV22toV25.xcmappingmodel in Sources */,
				CE247B8F1B96618100E4EB5F /* AddMedicationTVC+Dosage.swift in Sources */,
				CE247B911B96619B00E4EB5F /* AddMedicationTVC+Interval.swift in Sources */,
				CECDC9521F477791007D4BB4 /* CoreDataTableViewController.swift in Sources */,
				CE7519761BB00CA9000A2879 /* SettingsTVC.swift in Sources */,
				CEB36F3F1BE6D02000BCBD87 /* MedicineCell.swift in Sources */,
				CE38AF231B950517000D00AD /* AddDoseTVC.swift in Sources */,
				CE444BEB1F70C6D600AC37E8 /* FirstLaunch.swift in Sources */,
				CE27589F1F597C470027F596 /* HistoryCell.swift in Sources */,
				CE936E651C6C42770093BECF /* MedicineDetailsTVC+UIViewControllerPreviewing.swift in Sources */,
				CEE935891F5B5E5E00EE8B77 /* MedicineCell+CellFrame.swift in Sources */,
				CE0EA1951BAFE28200F48A09 /* HistoryTVC.swift in Sources */,
				CE08C2A5232DC1D700B344BD /* UIColor+Extension.swift in Sources */,
				CE0EA1971BAFE2B800F48A09 /* MedicineDoseHistoryTVC.swift in Sources */,
				CE3A42541C13A27C0035E390 /* MedicineRefillHistoryTVC.swift in Sources */,
			);
			runOnlyForDeploymentPostprocessing = 0;
		};
/* End PBXSourcesBuildPhase section */

/* Begin PBXTargetDependency section */
		CE2F6B211BBD5BA800707951 /* PBXTargetDependency */ = {
			isa = PBXTargetDependency;
			platformFilter = ios;
			target = CE2F6B151BBD5BA800707951 /* MedicineTodayExtension */;
			targetProxy = CE2F6B201BBD5BA800707951 /* PBXContainerItemProxy */;
		};
/* End PBXTargetDependency section */

/* Begin PBXVariantGroup section */
		CE0EA17D1BAFDAED00F48A09 /* AddDose.storyboard */ = {
			isa = PBXVariantGroup;
			children = (
				CE0EA17E1BAFDAED00F48A09 /* Base */,
			);
			name = AddDose.storyboard;
			path = ..;
			sourceTree = "<group>";
		};
		CE0EA17F1BAFDAED00F48A09 /* AddMedication.storyboard */ = {
			isa = PBXVariantGroup;
			children = (
				CE0EA1801BAFDAED00F48A09 /* Base */,
			);
			name = AddMedication.storyboard;
			path = ..;
			sourceTree = "<group>";
		};
		CE0EA1811BAFDAED00F48A09 /* MainEmptyView.xib */ = {
			isa = PBXVariantGroup;
			children = (
				CE0EA1821BAFDAED00F48A09 /* Base */,
			);
			name = MainEmptyView.xib;
			path = ..;
			sourceTree = "<group>";
		};
		CE0EA1831BAFDAED00F48A09 /* FirstLaunch.storyboard */ = {
			isa = PBXVariantGroup;
			children = (
				CE0EA1841BAFDAED00F48A09 /* Base */,
			);
			name = FirstLaunch.storyboard;
			path = ..;
			sourceTree = "<group>";
		};
		CE0EA1851BAFDAED00F48A09 /* Upgrade.storyboard */ = {
			isa = PBXVariantGroup;
			children = (
				CE0EA1861BAFDAED00F48A09 /* Base */,
			);
			name = Upgrade.storyboard;
			path = ..;
			sourceTree = "<group>";
		};
		CE2325821BB1693C0013B72D /* HistoryEmptyView.xib */ = {
			isa = PBXVariantGroup;
			children = (
				CE2325831BB1693C0013B72D /* Base */,
			);
			name = HistoryEmptyView.xib;
			sourceTree = "<group>";
		};
		CE2F6B1C1BBD5BA800707951 /* MainInterface.storyboard */ = {
			isa = PBXVariantGroup;
			children = (
				CE2F6B1D1BBD5BA800707951 /* Base */,
			);
			name = MainInterface.storyboard;
			sourceTree = "<group>";
		};
		CEA250EC1B90396C00BBE466 /* Main.storyboard */ = {
			isa = PBXVariantGroup;
			children = (
				CEA250ED1B90396C00BBE466 /* Base */,
			);
			name = Main.storyboard;
			sourceTree = "<group>";
		};
		CEA250F41B90396C00BBE466 /* LaunchScreen.storyboard */ = {
			isa = PBXVariantGroup;
			children = (
				CEA250F51B90396C00BBE466 /* Base */,
			);
			name = LaunchScreen.storyboard;
			sourceTree = "<group>";
		};
		CEA5DFC01C1190F100B9BC99 /* MedicineDetails.storyboard */ = {
			isa = PBXVariantGroup;
			children = (
				CEA5DFC11C1190F100B9BC99 /* Base */,
			);
			name = MedicineDetails.storyboard;
			sourceTree = "<group>";
		};
		CECD22B21BE94FDB007C5F25 /* AddRefill.storyboard */ = {
			isa = PBXVariantGroup;
			children = (
				CECD22B31BE94FDB007C5F25 /* Base */,
			);
			name = AddRefill.storyboard;
			sourceTree = "<group>";
		};
		CEEB078E1C5EA9FA00EEF86C /* Settings.storyboard */ = {
			isa = PBXVariantGroup;
			children = (
				CEEB078F1C5EA9FA00EEF86C /* Base */,
			);
			name = Settings.storyboard;
			sourceTree = "<group>";
		};
/* End PBXVariantGroup section */

/* Begin XCBuildConfiguration section */
		CE2F6B241BBD5BA800707951 /* Debug */ = {
			isa = XCBuildConfiguration;
			buildSettings = {
				CODE_SIGN_ENTITLEMENTS = MedicineTodayExtension/MedicineTodayExtension.entitlements;
				CODE_SIGN_IDENTITY = "iPhone Developer";
				"CODE_SIGN_IDENTITY[sdk=iphoneos*]" = "iPhone Developer";
				CURRENT_PROJECT_VERSION = 191010;
				DEVELOPMENT_TEAM = 5ZJB9DN7AQ;
				GCC_WARN_ABOUT_DEPRECATED_FUNCTIONS = YES;
				INFOPLIST_FILE = MedicineTodayExtension/Info.plist;
				IPHONEOS_DEPLOYMENT_TARGET = 11.0;
				LD_RUNPATH_SEARCH_PATHS = (
					"$(inherited)",
					"@executable_path/Frameworks",
					"@executable_path/../../Frameworks",
				);
				MARKETING_VERSION = 2.1.1;
				PRODUCT_BUNDLE_IDENTIFIER = com.ebarer.Medicine.MedicineTodayExtension;
				PRODUCT_NAME = "$(TARGET_NAME)";
				PROVISIONING_PROFILE = "";
				SKIP_INSTALL = YES;
				SUPPORTS_MACCATALYST = NO;
				SWIFT_SWIFT3_OBJC_INFERENCE = Default;
				SWIFT_VERSION = 5.0;
			};
			name = Debug;
		};
		CE2F6B251BBD5BA800707951 /* Release */ = {
			isa = XCBuildConfiguration;
			buildSettings = {
				CODE_SIGN_ENTITLEMENTS = MedicineTodayExtension/MedicineTodayExtension.entitlements;
				CODE_SIGN_IDENTITY = "iPhone Developer";
				"CODE_SIGN_IDENTITY[sdk=iphoneos*]" = "iPhone Developer";
				CURRENT_PROJECT_VERSION = 191010;
				DEVELOPMENT_TEAM = 5ZJB9DN7AQ;
				GCC_WARN_ABOUT_DEPRECATED_FUNCTIONS = YES;
				INFOPLIST_FILE = MedicineTodayExtension/Info.plist;
				IPHONEOS_DEPLOYMENT_TARGET = 11.0;
				LD_RUNPATH_SEARCH_PATHS = (
					"$(inherited)",
					"@executable_path/Frameworks",
					"@executable_path/../../Frameworks",
				);
				MARKETING_VERSION = 2.1.1;
				PRODUCT_BUNDLE_IDENTIFIER = com.ebarer.Medicine.MedicineTodayExtension;
				PRODUCT_NAME = "$(TARGET_NAME)";
				PROVISIONING_PROFILE = "";
				SKIP_INSTALL = YES;
				SUPPORTS_MACCATALYST = NO;
				SWIFT_SWIFT3_OBJC_INFERENCE = Default;
				SWIFT_VERSION = 5.0;
			};
			name = Release;
		};
		CEA250F81B90396C00BBE466 /* Debug */ = {
			isa = XCBuildConfiguration;
			buildSettings = {
				ALWAYS_SEARCH_USER_PATHS = NO;
				CLANG_ANALYZER_LOCALIZABILITY_NONLOCALIZED = YES;
				CLANG_CXX_LANGUAGE_STANDARD = "gnu++0x";
				CLANG_CXX_LIBRARY = "libc++";
				CLANG_ENABLE_MODULES = YES;
				CLANG_ENABLE_OBJC_ARC = YES;
				CLANG_WARN_BLOCK_CAPTURE_AUTORELEASING = YES;
				CLANG_WARN_BOOL_CONVERSION = YES;
				CLANG_WARN_COMMA = YES;
				CLANG_WARN_CONSTANT_CONVERSION = YES;
				CLANG_WARN_DEPRECATED_OBJC_IMPLEMENTATIONS = YES;
				CLANG_WARN_DIRECT_OBJC_ISA_USAGE = YES_ERROR;
				CLANG_WARN_EMPTY_BODY = YES;
				CLANG_WARN_ENUM_CONVERSION = YES;
				CLANG_WARN_INFINITE_RECURSION = YES;
				CLANG_WARN_INT_CONVERSION = YES;
				CLANG_WARN_NON_LITERAL_NULL_CONVERSION = YES;
				CLANG_WARN_OBJC_IMPLICIT_RETAIN_SELF = YES;
				CLANG_WARN_OBJC_LITERAL_CONVERSION = YES;
				CLANG_WARN_OBJC_ROOT_CLASS = YES_ERROR;
				CLANG_WARN_RANGE_LOOP_ANALYSIS = YES;
				CLANG_WARN_STRICT_PROTOTYPES = YES;
				CLANG_WARN_SUSPICIOUS_MOVE = YES;
				CLANG_WARN_UNREACHABLE_CODE = YES;
				CLANG_WARN__DUPLICATE_METHOD_MATCH = YES;
				"CODE_SIGN_IDENTITY[sdk=iphoneos*]" = "iPhone Developer";
				COPY_PHASE_STRIP = NO;
				DEBUG_INFORMATION_FORMAT = dwarf;
				ENABLE_STRICT_OBJC_MSGSEND = YES;
				ENABLE_TESTABILITY = YES;
				GCC_C_LANGUAGE_STANDARD = gnu99;
				GCC_DYNAMIC_NO_PIC = NO;
				GCC_NO_COMMON_BLOCKS = YES;
				GCC_OPTIMIZATION_LEVEL = 0;
				GCC_PREPROCESSOR_DEFINITIONS = (
					"DEBUG=1",
					"$(inherited)",
				);
				GCC_WARN_64_TO_32_BIT_CONVERSION = YES;
				GCC_WARN_ABOUT_DEPRECATED_FUNCTIONS = YES;
				GCC_WARN_ABOUT_RETURN_TYPE = YES_ERROR;
				GCC_WARN_UNDECLARED_SELECTOR = YES;
				GCC_WARN_UNINITIALIZED_AUTOS = YES_AGGRESSIVE;
				GCC_WARN_UNUSED_FUNCTION = YES;
				GCC_WARN_UNUSED_VARIABLE = YES;
				IPHONEOS_DEPLOYMENT_TARGET = 11.0;
				MTL_ENABLE_DEBUG_INFO = YES;
				ONLY_ACTIVE_ARCH = YES;
				SDKROOT = iphoneos;
				SWIFT_OPTIMIZATION_LEVEL = "-Onone";
				TARGETED_DEVICE_FAMILY = "1,2";
			};
			name = Debug;
		};
		CEA250F91B90396C00BBE466 /* Release */ = {
			isa = XCBuildConfiguration;
			buildSettings = {
				ALWAYS_SEARCH_USER_PATHS = NO;
				CLANG_ANALYZER_LOCALIZABILITY_NONLOCALIZED = YES;
				CLANG_CXX_LANGUAGE_STANDARD = "gnu++0x";
				CLANG_CXX_LIBRARY = "libc++";
				CLANG_ENABLE_MODULES = YES;
				CLANG_ENABLE_OBJC_ARC = YES;
				CLANG_WARN_BLOCK_CAPTURE_AUTORELEASING = YES;
				CLANG_WARN_BOOL_CONVERSION = YES;
				CLANG_WARN_COMMA = YES;
				CLANG_WARN_CONSTANT_CONVERSION = YES;
				CLANG_WARN_DEPRECATED_OBJC_IMPLEMENTATIONS = YES;
				CLANG_WARN_DIRECT_OBJC_ISA_USAGE = YES_ERROR;
				CLANG_WARN_EMPTY_BODY = YES;
				CLANG_WARN_ENUM_CONVERSION = YES;
				CLANG_WARN_INFINITE_RECURSION = YES;
				CLANG_WARN_INT_CONVERSION = YES;
				CLANG_WARN_NON_LITERAL_NULL_CONVERSION = YES;
				CLANG_WARN_OBJC_IMPLICIT_RETAIN_SELF = YES;
				CLANG_WARN_OBJC_LITERAL_CONVERSION = YES;
				CLANG_WARN_OBJC_ROOT_CLASS = YES_ERROR;
				CLANG_WARN_RANGE_LOOP_ANALYSIS = YES;
				CLANG_WARN_STRICT_PROTOTYPES = YES;
				CLANG_WARN_SUSPICIOUS_MOVE = YES;
				CLANG_WARN_UNREACHABLE_CODE = YES;
				CLANG_WARN__DUPLICATE_METHOD_MATCH = YES;
				"CODE_SIGN_IDENTITY[sdk=iphoneos*]" = "iPhone Developer";
				COPY_PHASE_STRIP = NO;
				DEBUG_INFORMATION_FORMAT = "dwarf-with-dsym";
				ENABLE_NS_ASSERTIONS = NO;
				ENABLE_STRICT_OBJC_MSGSEND = YES;
				GCC_C_LANGUAGE_STANDARD = gnu99;
				GCC_NO_COMMON_BLOCKS = YES;
				GCC_WARN_64_TO_32_BIT_CONVERSION = YES;
				GCC_WARN_ABOUT_DEPRECATED_FUNCTIONS = YES;
				GCC_WARN_ABOUT_RETURN_TYPE = YES_ERROR;
				GCC_WARN_UNDECLARED_SELECTOR = YES;
				GCC_WARN_UNINITIALIZED_AUTOS = YES_AGGRESSIVE;
				GCC_WARN_UNUSED_FUNCTION = YES;
				GCC_WARN_UNUSED_VARIABLE = YES;
				IPHONEOS_DEPLOYMENT_TARGET = 11.0;
				MTL_ENABLE_DEBUG_INFO = NO;
				SDKROOT = iphoneos;
				SWIFT_COMPILATION_MODE = wholemodule;
				SWIFT_OPTIMIZATION_LEVEL = "-O";
				TARGETED_DEVICE_FAMILY = "1,2";
				VALIDATE_PRODUCT = YES;
			};
			name = Release;
		};
		CEA250FB1B90396C00BBE466 /* Debug */ = {
			isa = XCBuildConfiguration;
			buildSettings = {
				ALWAYS_EMBED_SWIFT_STANDARD_LIBRARIES = YES;
				ASSETCATALOG_COMPILER_APPICON_NAME = AppIcon;
				CLANG_ENABLE_MODULES = YES;
				CODE_SIGN_ENTITLEMENTS = Medicine/Medicine.entitlements;
				CODE_SIGN_IDENTITY = "iPhone Developer";
				"CODE_SIGN_IDENTITY[sdk=iphoneos*]" = "iPhone Developer";
				CURRENT_PROJECT_VERSION = 191010;
				DERIVE_MACCATALYST_PRODUCT_BUNDLE_IDENTIFIER = YES;
				DEVELOPMENT_TEAM = 5ZJB9DN7AQ;
				GCC_WARN_ABOUT_DEPRECATED_FUNCTIONS = NO;
				INFOPLIST_FILE = Medicine/Info.plist;
				IPHONEOS_DEPLOYMENT_TARGET = 11.0;
				LD_RUNPATH_SEARCH_PATHS = (
					"$(inherited)",
					"@executable_path/Frameworks",
				);
				MARKETING_VERSION = 2.1.1;
				PRODUCT_BUNDLE_IDENTIFIER = com.ebarer.Medicine;
				PRODUCT_NAME = "$(TARGET_NAME)";
				PROVISIONING_PROFILE = "";
				SUPPORTS_MACCATALYST = YES;
				SWIFT_OPTIMIZATION_LEVEL = "-Onone";
				SWIFT_SWIFT3_OBJC_INFERENCE = Default;
				SWIFT_VERSION = 5.0;
			};
			name = Debug;
		};
		CEA250FC1B90396C00BBE466 /* Release */ = {
			isa = XCBuildConfiguration;
			buildSettings = {
				ALWAYS_EMBED_SWIFT_STANDARD_LIBRARIES = YES;
				ASSETCATALOG_COMPILER_APPICON_NAME = AppIcon;
				CLANG_ENABLE_MODULES = YES;
				CODE_SIGN_ENTITLEMENTS = Medicine/Medicine.entitlements;
				CODE_SIGN_IDENTITY = "iPhone Developer";
				"CODE_SIGN_IDENTITY[sdk=iphoneos*]" = "iPhone Developer";
				CURRENT_PROJECT_VERSION = 191010;
				DERIVE_MACCATALYST_PRODUCT_BUNDLE_IDENTIFIER = YES;
				DEVELOPMENT_TEAM = 5ZJB9DN7AQ;
				GCC_WARN_ABOUT_DEPRECATED_FUNCTIONS = NO;
				INFOPLIST_FILE = Medicine/Info.plist;
				IPHONEOS_DEPLOYMENT_TARGET = 11.0;
				LD_RUNPATH_SEARCH_PATHS = (
					"$(inherited)",
					"@executable_path/Frameworks",
				);
				MARKETING_VERSION = 2.1.1;
				PRODUCT_BUNDLE_IDENTIFIER = com.ebarer.Medicine;
				PRODUCT_NAME = "$(TARGET_NAME)";
				PROVISIONING_PROFILE = "";
				SUPPORTS_MACCATALYST = YES;
				SWIFT_SWIFT3_OBJC_INFERENCE = Default;
				SWIFT_VERSION = 5.0;
			};
			name = Release;
		};
/* End XCBuildConfiguration section */

/* Begin XCConfigurationList section */
		CE2F6B231BBD5BA800707951 /* Build configuration list for PBXNativeTarget "MedicineTodayExtension" */ = {
			isa = XCConfigurationList;
			buildConfigurations = (
				CE2F6B241BBD5BA800707951 /* Debug */,
				CE2F6B251BBD5BA800707951 /* Release */,
			);
			defaultConfigurationIsVisible = 0;
			defaultConfigurationName = Release;
		};
		CEA250E01B90396C00BBE466 /* Build configuration list for PBXProject "Medicine" */ = {
			isa = XCConfigurationList;
			buildConfigurations = (
				CEA250F81B90396C00BBE466 /* Debug */,
				CEA250F91B90396C00BBE466 /* Release */,
			);
			defaultConfigurationIsVisible = 0;
			defaultConfigurationName = Release;
		};
		CEA250FA1B90396C00BBE466 /* Build configuration list for PBXNativeTarget "Medicine" */ = {
			isa = XCConfigurationList;
			buildConfigurations = (
				CEA250FB1B90396C00BBE466 /* Debug */,
				CEA250FC1B90396C00BBE466 /* Release */,
			);
			defaultConfigurationIsVisible = 0;
			defaultConfigurationName = Release;
		};
/* End XCConfigurationList section */

/* Begin XCVersionGroup section */
		CEA2510A1B903E7D00BBE466 /* Medicine.xcdatamodeld */ = {
			isa = XCVersionGroup;
			children = (
				CE8064241F483ED000B7A1AD /* Medicine - 3.1.xcdatamodel */,
				CE1A39F41C58C487004480A4 /* Medicine - 3.xcdatamodel */,
				CE1A39EE1C58B420004480A4 /* Medicine - 2.6.xcdatamodel */,
				CE47425C1BFF1BA900B87403 /* Medicine - 2.5.xcdatamodel */,
				CEE18F341BEEC5CF00222D92 /* Medicine - 2.4.xcdatamodel */,
				CE7A8E7F1BB89CD1001727B9 /* Medicine - 2.3.xcdatamodel */,
				CE587A151BA9244400821D18 /* Medicine - 2. 2.xcdatamodel */,
				CEA9CA0D1BA87317001395BF /* Medicine - 2.1.xcdatamodel */,
				CE48157B1B971A5700F1FA0C /* Medicine - 2.xcdatamodel */,
				CEA2510B1B903E7D00BBE466 /* Medicine.xcdatamodel */,
			);
			currentVersion = CE8064241F483ED000B7A1AD /* Medicine - 3.1.xcdatamodel */;
			name = Medicine.xcdatamodeld;
			path = Medicine/Medicine.xcdatamodeld;
			sourceTree = "<group>";
			versionGroupType = wrapper.xcdatamodel;
		};
/* End XCVersionGroup section */
	};
	rootObject = CEA250DD1B90396C00BBE466 /* Project object */;
}
