// !$*UTF8*$!
{
	archiveVersion = 1;
	classes = {
	};
	objectVersion = 46;
	objects = {

/* Begin PBXBuildFile section */
		CEA250E91B90396C00BBE466 /* AppDelegate.swift in Sources */ = {isa = PBXBuildFile; fileRef = CEA250E81B90396C00BBE466 /* AppDelegate.swift */; };
		CEA250EE1B90396C00BBE466 /* Main.storyboard in Resources */ = {isa = PBXBuildFile; fileRef = CEA250EC1B90396C00BBE466 /* Main.storyboard */; };
		CEA250F31B90396C00BBE466 /* Assets.xcassets in Resources */ = {isa = PBXBuildFile; fileRef = CEA250F21B90396C00BBE466 /* Assets.xcassets */; };
		CEA250F61B90396C00BBE466 /* LaunchScreen.storyboard in Resources */ = {isa = PBXBuildFile; fileRef = CEA250F41B90396C00BBE466 /* LaunchScreen.storyboard */; };
		CEA250FF1B903BC200BBE466 /* AddMedicationTVC.swift in Sources */ = {isa = PBXBuildFile; fileRef = CEA250FE1B903BC200BBE466 /* AddMedicationTVC.swift */; settings = {ASSET_TAGS = (); }; };
		CEA251021B903BE400BBE466 /* MainTVC.swift in Sources */ = {isa = PBXBuildFile; fileRef = CEA251011B903BE400BBE466 /* MainTVC.swift */; settings = {ASSET_TAGS = (); }; };
		CEA251091B903E4200BBE466 /* Medicine.xcdatamodeld in Sources */ = {isa = PBXBuildFile; fileRef = CEA251071B903E4200BBE466 /* Medicine.xcdatamodeld */; settings = {ASSET_TAGS = (); }; };
/* End PBXBuildFile section */

/* Begin PBXFileReference section */
		CEA250E51B90396C00BBE466 /* Medicine.app */ = {isa = PBXFileReference; explicitFileType = wrapper.application; includeInIndex = 0; path = Medicine.app; sourceTree = BUILT_PRODUCTS_DIR; };
		CEA250E81B90396C00BBE466 /* AppDelegate.swift */ = {isa = PBXFileReference; lastKnownFileType = sourcecode.swift; path = AppDelegate.swift; sourceTree = "<group>"; };
		CEA250ED1B90396C00BBE466 /* Base */ = {isa = PBXFileReference; lastKnownFileType = file.storyboard; name = Base; path = Base.lproj/Main.storyboard; sourceTree = "<group>"; };
		CEA250F21B90396C00BBE466 /* Assets.xcassets */ = {isa = PBXFileReference; lastKnownFileType = folder.assetcatalog; path = Assets.xcassets; sourceTree = "<group>"; };
		CEA250F51B90396C00BBE466 /* Base */ = {isa = PBXFileReference; lastKnownFileType = file.storyboard; name = Base; path = Base.lproj/LaunchScreen.storyboard; sourceTree = "<group>"; };
		CEA250F71B90396C00BBE466 /* Info.plist */ = {isa = PBXFileReference; lastKnownFileType = text.plist.xml; path = Info.plist; sourceTree = "<group>"; };
		CEA250FE1B903BC200BBE466 /* AddMedicationTVC.swift */ = {isa = PBXFileReference; fileEncoding = 4; lastKnownFileType = sourcecode.swift; name = AddMedicationTVC.swift; path = Add/AddMedicationTVC.swift; sourceTree = "<group>"; };
		CEA251011B903BE400BBE466 /* MainTVC.swift */ = {isa = PBXFileReference; fileEncoding = 4; lastKnownFileType = sourcecode.swift; name = MainTVC.swift; path = Main/MainTVC.swift; sourceTree = "<group>"; };
		CEA251081B903E4200BBE466 /* Medicine.xcdatamodel */ = {isa = PBXFileReference; lastKnownFileType = wrapper.xcdatamodel; path = Medicine.xcdatamodel; sourceTree = "<group>"; };
/* End PBXFileReference section */

/* Begin PBXFrameworksBuildPhase section */
		CEA250E21B90396C00BBE466 /* Frameworks */ = {
			isa = PBXFrameworksBuildPhase;
			buildActionMask = 2147483647;
			files = (
			);
			runOnlyForDeploymentPostprocessing = 0;
		};
/* End PBXFrameworksBuildPhase section */

/* Begin PBXGroup section */
		CEA250DC1B90396C00BBE466 = {
			isa = PBXGroup;
			children = (
				CEA250E71B90396C00BBE466 /* Medicine */,
				CEA250E61B90396C00BBE466 /* Products */,
			);
			sourceTree = "<group>";
		};
		CEA250E61B90396C00BBE466 /* Products */ = {
			isa = PBXGroup;
			children = (
				CEA250E51B90396C00BBE466 /* Medicine.app */,
			);
			name = Products;
			sourceTree = "<group>";
		};
		CEA250E71B90396C00BBE466 /* Medicine */ = {
			isa = PBXGroup;
			children = (
				CEA250E81B90396C00BBE466 /* AppDelegate.swift */,
				CEA250F41B90396C00BBE466 /* LaunchScreen.storyboard */,
				CEA250EC1B90396C00BBE466 /* Main.storyboard */,
				CEA251071B903E4200BBE466 /* Medicine.xcdatamodeld */,
				CEA251031B903BE900BBE466 /* Main */,
				CEA251001B903BC900BBE466 /* Add */,
				CEA250FD1B9039E600BBE466 /* Other */,
			);
			path = Medicine;
			sourceTree = "<group>";
		};
		CEA250FD1B9039E600BBE466 /* Other */ = {
			isa = PBXGroup;
			children = (
				CEA250F71B90396C00BBE466 /* Info.plist */,
				CEA250F21B90396C00BBE466 /* Assets.xcassets */,
			);
			name = Other;
			sourceTree = "<group>";
		};
		CEA251001B903BC900BBE466 /* Add */ = {
			isa = PBXGroup;
			children = (
				CEA250FE1B903BC200BBE466 /* AddMedicationTVC.swift */,
			);
			name = Add;
			sourceTree = "<group>";
		};
		CEA251031B903BE900BBE466 /* Main */ = {
			isa = PBXGroup;
			children = (
				CEA251011B903BE400BBE466 /* MainTVC.swift */,
			);
			name = Main;
			sourceTree = "<group>";
		};
/* End PBXGroup section */

/* Begin PBXNativeTarget section */
		CEA250E41B90396C00BBE466 /* Medicine */ = {
			isa = PBXNativeTarget;
			buildConfigurationList = CEA250FA1B90396C00BBE466 /* Build configuration list for PBXNativeTarget "Medicine" */;
			buildPhases = (
				CEA250E11B90396C00BBE466 /* Sources */,
				CEA250E21B90396C00BBE466 /* Frameworks */,
				CEA250E31B90396C00BBE466 /* Resources */,
			);
			buildRules = (
			);
			dependencies = (
			);
			name = Medicine;
			productName = Medicine;
			productReference = CEA250E51B90396C00BBE466 /* Medicine.app */;
			productType = "com.apple.product-type.application";
		};
/* End PBXNativeTarget section */

/* Begin PBXProject section */
		CEA250DD1B90396C00BBE466 /* Project object */ = {
			isa = PBXProject;
			attributes = {
				LastUpgradeCheck = 0700;
				ORGANIZATIONNAME = "Elliot Barer";
				TargetAttributes = {
					CEA250E41B90396C00BBE466 = {
						CreatedOnToolsVersion = 7.0;
					};
				};
			};
			buildConfigurationList = CEA250E01B90396C00BBE466 /* Build configuration list for PBXProject "Medicine" */;
			compatibilityVersion = "Xcode 3.2";
			developmentRegion = English;
			hasScannedForEncodings = 0;
			knownRegions = (
				en,
				Base,
			);
			mainGroup = CEA250DC1B90396C00BBE466;
			productRefGroup = CEA250E61B90396C00BBE466 /* Products */;
			projectDirPath = "";
			projectRoot = "";
			targets = (
				CEA250E41B90396C00BBE466 /* Medicine */,
			);
		};
/* End PBXProject section */

/* Begin PBXResourcesBuildPhase section */
		CEA250E31B90396C00BBE466 /* Resources */ = {
			isa = PBXResourcesBuildPhase;
			buildActionMask = 2147483647;
			files = (
				CEA250F61B90396C00BBE466 /* LaunchScreen.storyboard in Resources */,
				CEA250F31B90396C00BBE466 /* Assets.xcassets in Resources */,
				CEA250EE1B90396C00BBE466 /* Main.storyboard in Resources */,
			);
			runOnlyForDeploymentPostprocessing = 0;
		};
/* End PBXResourcesBuildPhase section */

/* Begin PBXSourcesBuildPhase section */
		CEA250E11B90396C00BBE466 /* Sources */ = {
			isa = PBXSourcesBuildPhase;
			buildActionMask = 2147483647;
			files = (
				CEA251091B903E4200BBE466 /* Medicine.xcdatamodeld in Sources */,
				CEA250FF1B903BC200BBE466 /* AddMedicationTVC.swift in Sources */,
				CEA251021B903BE400BBE466 /* MainTVC.swift in Sources */,
				CEA250E91B90396C00BBE466 /* AppDelegate.swift in Sources */,
			);
			runOnlyForDeploymentPostprocessing = 0;
		};
/* End PBXSourcesBuildPhase section */

/* Begin PBXVariantGroup section */
		CEA250EC1B90396C00BBE466 /* Main.storyboard */ = {
			isa = PBXVariantGroup;
			children = (
				CEA250ED1B90396C00BBE466 /* Base */,
			);
			name = Main.storyboard;
			sourceTree = "<group>";
		};
		CEA250F41B90396C00BBE466 /* LaunchScreen.storyboard */ = {
			isa = PBXVariantGroup;
			children = (
				CEA250F51B90396C00BBE466 /* Base */,
			);
			name = LaunchScreen.storyboard;
			sourceTree = "<group>";
		};
/* End PBXVariantGroup section */

/* Begin XCBuildConfiguration section */
		CEA250F81B90396C00BBE466 /* Debug */ = {
			isa = XCBuildConfiguration;
			buildSettings = {
				ALWAYS_SEARCH_USER_PATHS = NO;
				CLANG_CXX_LANGUAGE_STANDARD = "gnu++0x";
				CLANG_CXX_LIBRARY = "libc++";
				CLANG_ENABLE_MODULES = YES;
				CLANG_ENABLE_OBJC_ARC = YES;
				CLANG_WARN_BOOL_CONVERSION = YES;
				CLANG_WARN_CONSTANT_CONVERSION = YES;
				CLANG_WARN_DIRECT_OBJC_ISA_USAGE = YES_ERROR;
				CLANG_WARN_EMPTY_BODY = YES;
				CLANG_WARN_ENUM_CONVERSION = YES;
				CLANG_WARN_INT_CONVERSION = YES;
				CLANG_WARN_OBJC_ROOT_CLASS = YES_ERROR;
				CLANG_WARN_UNREACHABLE_CODE = YES;
				CLANG_WARN__DUPLICATE_METHOD_MATCH = YES;
				"CODE_SIGN_IDENTITY[sdk=iphoneos*]" = "iPhone Developer";
				COPY_PHASE_STRIP = NO;
				DEBUG_INFORMATION_FORMAT = dwarf;
				ENABLE_STRICT_OBJC_MSGSEND = YES;
				ENABLE_TESTABILITY = YES;
				GCC_C_LANGUAGE_STANDARD = gnu99;
				GCC_DYNAMIC_NO_PIC = NO;
				GCC_NO_COMMON_BLOCKS = YES;
				GCC_OPTIMIZATION_LEVEL = 0;
				GCC_PREPROCESSOR_DEFINITIONS = (
					"DEBUG=1",
					"$(inherited)",
				);
				GCC_WARN_64_TO_32_BIT_CONVERSION = YES;
				GCC_WARN_ABOUT_RETURN_TYPE = YES_ERROR;
				GCC_WARN_UNDECLARED_SELECTOR = YES;
				GCC_WARN_UNINITIALIZED_AUTOS = YES_AGGRESSIVE;
				GCC_WARN_UNUSED_FUNCTION = YES;
				GCC_WARN_UNUSED_VARIABLE = YES;
				IPHONEOS_DEPLOYMENT_TARGET = 9.0;
				MTL_ENABLE_DEBUG_INFO = YES;
				ONLY_ACTIVE_ARCH = YES;
				SDKROOT = iphoneos;
				SWIFT_OPTIMIZATION_LEVEL = "-Onone";
				TARGETED_DEVICE_FAMILY = "1,2";
			};
			name = Debug;
		};
		CEA250F91B90396C00BBE466 /* Release */ = {
			isa = XCBuildConfiguration;
			buildSettings = {
				ALWAYS_SEARCH_USER_PATHS = NO;
				CLANG_CXX_LANGUAGE_STANDARD = "gnu++0x";
				CLANG_CXX_LIBRARY = "libc++";
				CLANG_ENABLE_MODULES = YES;
				CLANG_ENABLE_OBJC_ARC = YES;
				CLANG_WARN_BOOL_CONVERSION = YES;
				CLANG_WARN_CONSTANT_CONVERSION = YES;
				CLANG_WARN_DIRECT_OBJC_ISA_USAGE = YES_ERROR;
				CLANG_WARN_EMPTY_BODY = YES;
				CLANG_WARN_ENUM_CONVERSION = YES;
				CLANG_WARN_INT_CONVERSION = YES;
				CLANG_WARN_OBJC_ROOT_CLASS = YES_ERROR;
				CLANG_WARN_UNREACHABLE_CODE = YES;
				CLANG_WARN__DUPLICATE_METHOD_MATCH = YES;
				"CODE_SIGN_IDENTITY[sdk=iphoneos*]" = "iPhone Developer";
				COPY_PHASE_STRIP = NO;
				DEBUG_INFORMATION_FORMAT = "dwarf-with-dsym";
				ENABLE_NS_ASSERTIONS = NO;
				ENABLE_STRICT_OBJC_MSGSEND = YES;
				GCC_C_LANGUAGE_STANDARD = gnu99;
				GCC_NO_COMMON_BLOCKS = YES;
				GCC_WARN_64_TO_32_BIT_CONVERSION = YES;
				GCC_WARN_ABOUT_RETURN_TYPE = YES_ERROR;
				GCC_WARN_UNDECLARED_SELECTOR = YES;
				GCC_WARN_UNINITIALIZED_AUTOS = YES_AGGRESSIVE;
				GCC_WARN_UNUSED_FUNCTION = YES;
				GCC_WARN_UNUSED_VARIABLE = YES;
				IPHONEOS_DEPLOYMENT_TARGET = 9.0;
				MTL_ENABLE_DEBUG_INFO = NO;
				SDKROOT = iphoneos;
				TARGETED_DEVICE_FAMILY = "1,2";
				VALIDATE_PRODUCT = YES;
			};
			name = Release;
		};
		CEA250FB1B90396C00BBE466 /* Debug */ = {
			isa = XCBuildConfiguration;
			buildSettings = {
				ASSETCATALOG_COMPILER_APPICON_NAME = AppIcon;
				INFOPLIST_FILE = Medicine/Info.plist;
				LD_RUNPATH_SEARCH_PATHS = "$(inherited) @executable_path/Frameworks";
				PRODUCT_BUNDLE_IDENTIFIER = com.ebarer.Medicine;
				PRODUCT_NAME = "$(TARGET_NAME)";
			};
			name = Debug;
		};
		CEA250FC1B90396C00BBE466 /* Release */ = {
			isa = XCBuildConfiguration;
			buildSettings = {
				ASSETCATALOG_COMPILER_APPICON_NAME = AppIcon;
				INFOPLIST_FILE = Medicine/Info.plist;
				LD_RUNPATH_SEARCH_PATHS = "$(inherited) @executable_path/Frameworks";
				PRODUCT_BUNDLE_IDENTIFIER = com.ebarer.Medicine;
				PRODUCT_NAME = "$(TARGET_NAME)";
			};
			name = Release;
		};
/* End XCBuildConfiguration section */

/* Begin XCConfigurationList section */
		CEA250E01B90396C00BBE466 /* Build configuration list for PBXProject "Medicine" */ = {
			isa = XCConfigurationList;
			buildConfigurations = (
				CEA250F81B90396C00BBE466 /* Debug */,
				CEA250F91B90396C00BBE466 /* Release */,
			);
			defaultConfigurationIsVisible = 0;
			defaultConfigurationName = Release;
		};
		CEA250FA1B90396C00BBE466 /* Build configuration list for PBXNativeTarget "Medicine" */ = {
			isa = XCConfigurationList;
			buildConfigurations = (
				CEA250FB1B90396C00BBE466 /* Debug */,
				CEA250FC1B90396C00BBE466 /* Release */,
			);
			defaultConfigurationIsVisible = 0;
		};
/* End XCConfigurationList section */

/* Begin XCVersionGroup section */
		CEA251071B903E4200BBE466 /* Medicine.xcdatamodeld */ = {
			isa = XCVersionGroup;
			children = (
				CEA251081B903E4200BBE466 /* Medicine.xcdatamodel */,
			);
			currentVersion = CEA251081B903E4200BBE466 /* Medicine.xcdatamodel */;
			path = Medicine.xcdatamodeld;
			sourceTree = "<group>";
			versionGroupType = wrapper.xcdatamodel;
		};
/* End XCVersionGroup section */
	};
	rootObject = CEA250DD1B90396C00BBE466 /* Project object */;
}
